
Microsoft Visual Studio Solution File, Format Version 12.00
# Visual Studio Version 16
Project("{8BC9CEB8-8B4A-11D0-8D11-00A0C91BC942}") = "ALL_BUILD", "ALL_BUILD.vcxproj", "{43DA545A-0969-325F-81F0-DED618741B79}"
	ProjectSection(ProjectDependencies) = postProject
		{E3B4350C-8543-3832-8893-B504EBFD5FBD} = {E3B4350C-8543-3832-8893-B504EBFD5FBD}
		{60E543A9-EC20-338C-BEB2-3424BE0383BE} = {60E543A9-EC20-338C-BEB2-3424BE0383BE}
		{B102D845-DDDD-30A6-AC14-7F582D2A3D95} = {B102D845-DDDD-30A6-AC14-7F582D2A3D95}
		{52CBBE7A-2AFA-3433-BF9E-C4E9545353DE} = {52CBBE7A-2AFA-3433-BF9E-C4E9545353DE}
		{462AB1D4-34C8-3552-8BF0-B82F985DEC73} = {462AB1D4-34C8-3552-8BF0-B82F985DEC73}
		{24B0DA73-9D09-3C88-B413-44BE89E0C006} = {24B0DA73-9D09-3C88-B413-44BE89E0C006}
		{E9577559-43BB-3FC6-B836-FE03898266A6} = {E9577559-43BB-3FC6-B836-FE03898266A6}
		{8823F9D9-3B5B-3BFE-9001-23D65C368B1E} = {8823F9D9-3B5B-3BFE-9001-23D65C368B1E}
		{829A916B-79F4-3513-9ECA-1FF25C9E1DBC} = {829A916B-79F4-3513-9ECA-1FF25C9E1DBC}
		{56EDACD6-80F9-3C52-9C84-E447AD95672B} = {56EDACD6-80F9-3C52-9C84-E447AD95672B}
		{85379990-1D52-32EB-8963-C39BF022DAF7} = {85379990-1D52-32EB-8963-C39BF022DAF7}
	EndProjectSection
EndProject
Project("{8BC9CEB8-8B4A-11D0-8D11-00A0C91BC942}") = "INSTALL", "INSTALL.vcxproj", "{F370CCC3-F9A1-3858-A301-555B9011A221}"
	ProjectSection(ProjectDependencies) = postProject
		{43DA545A-0969-325F-81F0-DED618741B79} = {43DA545A-0969-325F-81F0-DED618741B79}
		{E3B4350C-8543-3832-8893-B504EBFD5FBD} = {E3B4350C-8543-3832-8893-B504EBFD5FBD}
	EndProjectSection
EndProject
Project("{8BC9CEB8-8B4A-11D0-8D11-00A0C91BC942}") = "PACKAGE", "PACKAGE.vcxproj", "{9342FE1F-23F8-3077-8A47-87D0B24C5869}"
	ProjectSection(ProjectDependencies) = postProject
		{43DA545A-0969-325F-81F0-DED618741B79} = {43DA545A-0969-325F-81F0-DED618741B79}
		{E3B4350C-8543-3832-8893-B504EBFD5FBD} = {E3B4350C-8543-3832-8893-B504EBFD5FBD}
	EndProjectSection
EndProject
Project("{8BC9CEB8-8B4A-11D0-8D11-00A0C91BC942}") = "RUN_TESTS", "RUN_TESTS.vcxproj", "{BE315D46-3E93-3EAC-9B52-FFCC2E3FCE3A}"
	ProjectSection(ProjectDependencies) = postProject
		{E3B4350C-8543-3832-8893-B504EBFD5FBD} = {E3B4350C-8543-3832-8893-B504EBFD5FBD}
	EndProjectSection
EndProject
Project("{8BC9CEB8-8B4A-11D0-8D11-00A0C91BC942}") = "ZERO_CHECK", "..\..\\ZERO_CHECK.vcxproj", "{E3B4350C-8543-3832-8893-B504EBFD5FBD}"
	ProjectSection(ProjectDependencies) = postProject
	EndProjectSection
EndProject
Project("{8BC9CEB8-8B4A-11D0-8D11-00A0C91BC942}") = "bcon-col-view", "bcon-col-view.vcxproj", "{60E543A9-EC20-338C-BEB2-3424BE0383BE}"
	ProjectSection(ProjectDependencies) = postProject
		{E3B4350C-8543-3832-8893-B504EBFD5FBD} = {E3B4350C-8543-3832-8893-B504EBFD5FBD}
		{8823F9D9-3B5B-3BFE-9001-23D65C368B1E} = {8823F9D9-3B5B-3BFE-9001-23D65C368B1E}
	EndProjectSection
EndProject
Project("{8BC9CEB8-8B4A-11D0-8D11-00A0C91BC942}") = "bcon-speed", "bcon-speed.vcxproj", "{B102D845-DDDD-30A6-AC14-7F582D2A3D95}"
	ProjectSection(ProjectDependencies) = postProject
		{E3B4350C-8543-3832-8893-B504EBFD5FBD} = {E3B4350C-8543-3832-8893-B504EBFD5FBD}
		{8823F9D9-3B5B-3BFE-9001-23D65C368B1E} = {8823F9D9-3B5B-3BFE-9001-23D65C368B1E}
	EndProjectSection
EndProject
Project("{8BC9CEB8-8B4A-11D0-8D11-00A0C91BC942}") = "bson-check-depth", "bson-check-depth.vcxproj", "{52CBBE7A-2AFA-3433-BF9E-C4E9545353DE}"
	ProjectSection(ProjectDependencies) = postProject
		{E3B4350C-8543-3832-8893-B504EBFD5FBD} = {E3B4350C-8543-3832-8893-B504EBFD5FBD}
		{8823F9D9-3B5B-3BFE-9001-23D65C368B1E} = {8823F9D9-3B5B-3BFE-9001-23D65C368B1E}
	EndProjectSection
EndProject
Project("{8BC9CEB8-8B4A-11D0-8D11-00A0C91BC942}") = "bson-metrics", "bson-metrics.vcxproj", "{462AB1D4-34C8-3552-8BF0-B82F985DEC73}"
	ProjectSection(ProjectDependencies) = postProject
		{E3B4350C-8543-3832-8893-B504EBFD5FBD} = {E3B4350C-8543-3832-8893-B504EBFD5FBD}
		{8823F9D9-3B5B-3BFE-9001-23D65C368B1E} = {8823F9D9-3B5B-3BFE-9001-23D65C368B1E}
	EndProjectSection
EndProject
Project("{8BC9CEB8-8B4A-11D0-8D11-00A0C91BC942}") = "bson-to-json", "bson-to-json.vcxproj", "{24B0DA73-9D09-3C88-B413-44BE89E0C006}"
	ProjectSection(ProjectDependencies) = postProject
		{E3B4350C-8543-3832-8893-B504EBFD5FBD} = {E3B4350C-8543-3832-8893-B504EBFD5FBD}
		{8823F9D9-3B5B-3BFE-9001-23D65C368B1E} = {8823F9D9-3B5B-3BFE-9001-23D65C368B1E}
	EndProjectSection
EndProject
Project("{8BC9CEB8-8B4A-11D0-8D11-00A0C91BC942}") = "bson-validate", "bson-validate.vcxproj", "{E9577559-43BB-3FC6-B836-FE03898266A6}"
	ProjectSection(ProjectDependencies) = postProject
		{E3B4350C-8543-3832-8893-B504EBFD5FBD} = {E3B4350C-8543-3832-8893-B504EBFD5FBD}
		{8823F9D9-3B5B-3BFE-9001-23D65C368B1E} = {8823F9D9-3B5B-3BFE-9001-23D65C368B1E}
	EndProjectSection
EndProject
Project("{8BC9CEB8-8B4A-11D0-8D11-00A0C91BC942}") = "bson_shared", "bson_shared.vcxproj", "{8823F9D9-3B5B-3BFE-9001-23D65C368B1E}"
	ProjectSection(ProjectDependencies) = postProject
		{E3B4350C-8543-3832-8893-B504EBFD5FBD} = {E3B4350C-8543-3832-8893-B504EBFD5FBD}
	EndProjectSection
EndProject
Project("{8BC9CEB8-8B4A-11D0-8D11-00A0C91BC942}") = "bson_static", "bson_static.vcxproj", "{829A916B-79F4-3513-9ECA-1FF25C9E1DBC}"
	ProjectSection(ProjectDependencies) = postProject
		{E3B4350C-8543-3832-8893-B504EBFD5FBD} = {E3B4350C-8543-3832-8893-B504EBFD5FBD}
	EndProjectSection
EndProject
Project("{8BC9CEB8-8B4A-11D0-8D11-00A0C91BC942}") = "creating", "creating.vcxproj", "{56EDACD6-80F9-3C52-9C84-E447AD95672B}"
	ProjectSection(ProjectDependencies) = postProject
		{E3B4350C-8543-3832-8893-B504EBFD5FBD} = {E3B4350C-8543-3832-8893-B504EBFD5FBD}
		{8823F9D9-3B5B-3BFE-9001-23D65C368B1E} = {8823F9D9-3B5B-3BFE-9001-23D65C368B1E}
	EndProjectSection
EndProject
Project("{8BC9CEB8-8B4A-11D0-8D11-00A0C91BC942}") = "json-to-bson", "json-to-bson.vcxproj", "{85379990-1D52-32EB-8963-C39BF022DAF7}"
	ProjectSection(ProjectDependencies) = postProject
		{E3B4350C-8543-3832-8893-B504EBFD5FBD} = {E3B4350C-8543-3832-8893-B504EBFD5FBD}
		{8823F9D9-3B5B-3BFE-9001-23D65C368B1E} = {8823F9D9-3B5B-3BFE-9001-23D65C368B1E}
	EndProjectSection
EndProject
Global
	GlobalSection(SolutionConfigurationPlatforms) = preSolution
		Debug|x64 = Debug|x64
		Release|x64 = Release|x64
		MinSizeRel|x64 = MinSizeRel|x64
		RelWithDebInfo|x64 = RelWithDebInfo|x64
	EndGlobalSection
	GlobalSection(ProjectConfigurationPlatforms) = postSolution
		{43DA545A-0969-325F-81F0-DED618741B79}.Debug|x64.ActiveCfg = Debug|x64
		{43DA545A-0969-325F-81F0-DED618741B79}.Debug|x64.Build.0 = Debug|x64
		{43DA545A-0969-325F-81F0-DED618741B79}.Release|x64.ActiveCfg = Release|x64
		{43DA545A-0969-325F-81F0-DED618741B79}.Release|x64.Build.0 = Release|x64
		{43DA545A-0969-325F-81F0-DED618741B79}.MinSizeRel|x64.ActiveCfg = MinSizeRel|x64
		{43DA545A-0969-325F-81F0-DED618741B79}.MinSizeRel|x64.Build.0 = MinSizeRel|x64
		{43DA545A-0969-325F-81F0-DED618741B79}.RelWithDebInfo|x64.ActiveCfg = RelWithDebInfo|x64
		{43DA545A-0969-325F-81F0-DED618741B79}.RelWithDebInfo|x64.Build.0 = RelWithDebInfo|x64
		{F370CCC3-F9A1-3858-A301-555B9011A221}.Debug|x64.ActiveCfg = Debug|x64
		{F370CCC3-F9A1-3858-A301-555B9011A221}.Release|x64.ActiveCfg = Release|x64
		{F370CCC3-F9A1-3858-A301-555B9011A221}.MinSizeRel|x64.ActiveCfg = MinSizeRel|x64
		{F370CCC3-F9A1-3858-A301-555B9011A221}.RelWithDebInfo|x64.ActiveCfg = RelWithDebInfo|x64
		{9342FE1F-23F8-3077-8A47-87D0B24C5869}.Debug|x64.ActiveCfg = Debug|x64
		{9342FE1F-23F8-3077-8A47-87D0B24C5869}.Release|x64.ActiveCfg = Release|x64
		{9342FE1F-23F8-3077-8A47-87D0B24C5869}.MinSizeRel|x64.ActiveCfg = MinSizeRel|x64
		{9342FE1F-23F8-3077-8A47-87D0B24C5869}.RelWithDebInfo|x64.ActiveCfg = RelWithDebInfo|x64
		{BE315D46-3E93-3EAC-9B52-FFCC2E3FCE3A}.Debug|x64.ActiveCfg = Debug|x64
		{BE315D46-3E93-3EAC-9B52-FFCC2E3FCE3A}.Release|x64.ActiveCfg = Release|x64
		{BE315D46-3E93-3EAC-9B52-FFCC2E3FCE3A}.MinSizeRel|x64.ActiveCfg = MinSizeRel|x64
		{BE315D46-3E93-3EAC-9B52-FFCC2E3FCE3A}.RelWithDebInfo|x64.ActiveCfg = RelWithDebInfo|x64
		{E3B4350C-8543-3832-8893-B504EBFD5FBD}.Debug|x64.ActiveCfg = Debug|x64
		{E3B4350C-8543-3832-8893-B504EBFD5FBD}.Debug|x64.Build.0 = Debug|x64
		{E3B4350C-8543-3832-8893-B504EBFD5FBD}.Release|x64.ActiveCfg = Release|x64
		{E3B4350C-8543-3832-8893-B504EBFD5FBD}.Release|x64.Build.0 = Release|x64
		{E3B4350C-8543-3832-8893-B504EBFD5FBD}.MinSizeRel|x64.ActiveCfg = MinSizeRel|x64
		{E3B4350C-8543-3832-8893-B504EBFD5FBD}.MinSizeRel|x64.Build.0 = MinSizeRel|x64
		{E3B4350C-8543-3832-8893-B504EBFD5FBD}.RelWithDebInfo|x64.ActiveCfg = RelWithDebInfo|x64
		{E3B4350C-8543-3832-8893-B504EBFD5FBD}.RelWithDebInfo|x64.Build.0 = RelWithDebInfo|x64
		{60E543A9-EC20-338C-BEB2-3424BE0383BE}.Debug|x64.ActiveCfg = Debug|x64
		{60E543A9-EC20-338C-BEB2-3424BE0383BE}.Debug|x64.Build.0 = Debug|x64
		{60E543A9-EC20-338C-BEB2-3424BE0383BE}.Release|x64.ActiveCfg = Release|x64
		{60E543A9-EC20-338C-BEB2-3424BE0383BE}.Release|x64.Build.0 = Release|x64
		{60E543A9-EC20-338C-BEB2-3424BE0383BE}.MinSizeRel|x64.ActiveCfg = MinSizeRel|x64
		{60E543A9-EC20-338C-BEB2-3424BE0383BE}.MinSizeRel|x64.Build.0 = MinSizeRel|x64
		{60E543A9-EC20-338C-BEB2-3424BE0383BE}.RelWithDebInfo|x64.ActiveCfg = RelWithDebInfo|x64
		{60E543A9-EC20-338C-BEB2-3424BE0383BE}.RelWithDebInfo|x64.Build.0 = RelWithDebInfo|x64
		{B102D845-DDDD-30A6-AC14-7F582D2A3D95}.Debug|x64.ActiveCfg = Debug|x64
		{B102D845-DDDD-30A6-AC14-7F582D2A3D95}.Debug|x64.Build.0 = Debug|x64
		{B102D845-DDDD-30A6-AC14-7F582D2A3D95}.Release|x64.ActiveCfg = Release|x64
		{B102D845-DDDD-30A6-AC14-7F582D2A3D95}.Release|x64.Build.0 = Release|x64
		{B102D845-DDDD-30A6-AC14-7F582D2A3D95}.MinSizeRel|x64.ActiveCfg = MinSizeRel|x64
		{B102D845-DDDD-30A6-AC14-7F582D2A3D95}.MinSizeRel|x64.Build.0 = MinSizeRel|x64
		{B102D845-DDDD-30A6-AC14-7F582D2A3D95}.RelWithDebInfo|x64.ActiveCfg = RelWithDebInfo|x64
		{B102D845-DDDD-30A6-AC14-7F582D2A3D95}.RelWithDebInfo|x64.Build.0 = RelWithDebInfo|x64
		{52CBBE7A-2AFA-3433-BF9E-C4E9545353DE}.Debug|x64.ActiveCfg = Debug|x64
		{52CBBE7A-2AFA-3433-BF9E-C4E9545353DE}.Debug|x64.Build.0 = Debug|x64
		{52CBBE7A-2AFA-3433-BF9E-C4E9545353DE}.Release|x64.ActiveCfg = Release|x64
		{52CBBE7A-2AFA-3433-BF9E-C4E9545353DE}.Release|x64.Build.0 = Release|x64
		{52CBBE7A-2AFA-3433-BF9E-C4E9545353DE}.MinSizeRel|x64.ActiveCfg = MinSizeRel|x64
		{52CBBE7A-2AFA-3433-BF9E-C4E9545353DE}.MinSizeRel|x64.Build.0 = MinSizeRel|x64
		{52CBBE7A-2AFA-3433-BF9E-C4E9545353DE}.RelWithDebInfo|x64.ActiveCfg = RelWithDebInfo|x64
		{52CBBE7A-2AFA-3433-BF9E-C4E9545353DE}.RelWithDebInfo|x64.Build.0 = RelWithDebInfo|x64
		{462AB1D4-34C8-3552-8BF0-B82F985DEC73}.Debug|x64.ActiveCfg = Debug|x64
		{462AB1D4-34C8-3552-8BF0-B82F985DEC73}.Debug|x64.Build.0 = Debug|x64
		{462AB1D4-34C8-3552-8BF0-B82F985DEC73}.Release|x64.ActiveCfg = Release|x64
		{462AB1D4-34C8-3552-8BF0-B82F985DEC73}.Release|x64.Build.0 = Release|x64
		{462AB1D4-34C8-3552-8BF0-B82F985DEC73}.MinSizeRel|x64.ActiveCfg = MinSizeRel|x64
		{462AB1D4-34C8-3552-8BF0-B82F985DEC73}.MinSizeRel|x64.Build.0 = MinSizeRel|x64
		{462AB1D4-34C8-3552-8BF0-B82F985DEC73}.RelWithDebInfo|x64.ActiveCfg = RelWithDebInfo|x64
		{462AB1D4-34C8-3552-8BF0-B82F985DEC73}.RelWithDebInfo|x64.Build.0 = RelWithDebInfo|x64
		{24B0DA73-9D09-3C88-B413-44BE89E0C006}.Debug|x64.ActiveCfg = Debug|x64
		{24B0DA73-9D09-3C88-B413-44BE89E0C006}.Debug|x64.Build.0 = Debug|x64
		{24B0DA73-9D09-3C88-B413-44BE89E0C006}.Release|x64.ActiveCfg = Release|x64
		{24B0DA73-9D09-3C88-B413-44BE89E0C006}.Release|x64.Build.0 = Release|x64
		{24B0DA73-9D09-3C88-B413-44BE89E0C006}.MinSizeRel|x64.ActiveCfg = MinSizeRel|x64
		{24B0DA73-9D09-3C88-B413-44BE89E0C006}.MinSizeRel|x64.Build.0 = MinSizeRel|x64
		{24B0DA73-9D09-3C88-B413-44BE89E0C006}.RelWithDebInfo|x64.ActiveCfg = RelWithDebInfo|x64
		{24B0DA73-9D09-3C88-B413-44BE89E0C006}.RelWithDebInfo|x64.Build.0 = RelWithDebInfo|x64
		{E9577559-43BB-3FC6-B836-FE03898266A6}.Debug|x64.ActiveCfg = Debug|x64
		{E9577559-43BB-3FC6-B836-FE03898266A6}.Debug|x64.Build.0 = Debug|x64
		{E9577559-43BB-3FC6-B836-FE03898266A6}.Release|x64.ActiveCfg = Release|x64
		{E9577559-43BB-3FC6-B836-FE03898266A6}.Release|x64.Build.0 = Release|x64
		{E9577559-43BB-3FC6-B836-FE03898266A6}.MinSizeRel|x64.ActiveCfg = MinSizeRel|x64
		{E9577559-43BB-3FC6-B836-FE03898266A6}.MinSizeRel|x64.Build.0 = MinSizeRel|x64
		{E9577559-43BB-3FC6-B836-FE03898266A6}.RelWithDebInfo|x64.ActiveCfg = RelWithDebInfo|x64
		{E9577559-43BB-3FC6-B836-FE03898266A6}.RelWithDebInfo|x64.Build.0 = RelWithDebInfo|x64
		{8823F9D9-3B5B-3BFE-9001-23D65C368B1E}.Debug|x64.ActiveCfg = Debug|x64
		{8823F9D9-3B5B-3BFE-9001-23D65C368B1E}.Debug|x64.Build.0 = Debug|x64
		{8823F9D9-3B5B-3BFE-9001-23D65C368B1E}.Release|x64.ActiveCfg = Release|x64
		{8823F9D9-3B5B-3BFE-9001-23D65C368B1E}.Release|x64.Build.0 = Release|x64
		{8823F9D9-3B5B-3BFE-9001-23D65C368B1E}.MinSizeRel|x64.ActiveCfg = MinSizeRel|x64
		{8823F9D9-3B5B-3BFE-9001-23D65C368B1E}.MinSizeRel|x64.Build.0 = MinSizeRel|x64
		{8823F9D9-3B5B-3BFE-9001-23D65C368B1E}.RelWithDebInfo|x64.ActiveCfg = RelWithDebInfo|x64
		{8823F9D9-3B5B-3BFE-9001-23D65C368B1E}.RelWithDebInfo|x64.Build.0 = RelWithDebInfo|x64
		{829A916B-79F4-3513-9ECA-1FF25C9E1DBC}.Debug|x64.ActiveCfg = Debug|x64
		{829A916B-79F4-3513-9ECA-1FF25C9E1DBC}.Debug|x64.Build.0 = Debug|x64
		{829A916B-79F4-3513-9ECA-1FF25C9E1DBC}.Release|x64.ActiveCfg = Release|x64
		{829A916B-79F4-3513-9ECA-1FF25C9E1DBC}.Release|x64.Build.0 = Release|x64
		{829A916B-79F4-3513-9ECA-1FF25C9E1DBC}.MinSizeRel|x64.ActiveCfg = MinSizeRel|x64
		{829A916B-79F4-3513-9ECA-1FF25C9E1DBC}.MinSizeRel|x64.Build.0 = MinSizeRel|x64
		{829A916B-79F4-3513-9ECA-1FF25C9E1DBC}.RelWithDebInfo|x64.ActiveCfg = RelWithDebInfo|x64
		{829A916B-79F4-3513-9ECA-1FF25C9E1DBC}.RelWithDebInfo|x64.Build.0 = RelWithDebInfo|x64
		{56EDACD6-80F9-3C52-9C84-E447AD95672B}.Debug|x64.ActiveCfg = Debug|x64
		{56EDACD6-80F9-3C52-9C84-E447AD95672B}.Debug|x64.Build.0 = Debug|x64
		{56EDACD6-80F9-3C52-9C84-E447AD95672B}.Release|x64.ActiveCfg = Release|x64
		{56EDACD6-80F9-3C52-9C84-E447AD95672B}.Release|x64.Build.0 = Release|x64
		{56EDACD6-80F9-3C52-9C84-E447AD95672B}.MinSizeRel|x64.ActiveCfg = MinSizeRel|x64
		{56EDACD6-80F9-3C52-9C84-E447AD95672B}.MinSizeRel|x64.Build.0 = MinSizeRel|x64
		{56EDACD6-80F9-3C52-9C84-E447AD95672B}.RelWithDebInfo|x64.ActiveCfg = RelWithDebInfo|x64
		{56EDACD6-80F9-3C52-9C84-E447AD95672B}.RelWithDebInfo|x64.Build.0 = RelWithDebInfo|x64
		{85379990-1D52-32EB-8963-C39BF022DAF7}.Debug|x64.ActiveCfg = Debug|x64
		{85379990-1D52-32EB-8963-C39BF022DAF7}.Debug|x64.Build.0 = Debug|x64
		{85379990-1D52-32EB-8963-C39BF022DAF7}.Release|x64.ActiveCfg = Release|x64
		{85379990-1D52-32EB-8963-C39BF022DAF7}.Release|x64.Build.0 = Release|x64
		{85379990-1D52-32EB-8963-C39BF022DAF7}.MinSizeRel|x64.ActiveCfg = MinSizeRel|x64
		{85379990-1D52-32EB-8963-C39BF022DAF7}.MinSizeRel|x64.Build.0 = MinSizeRel|x64
		{85379990-1D52-32EB-8963-C39BF022DAF7}.RelWithDebInfo|x64.ActiveCfg = RelWithDebInfo|x64
		{85379990-1D52-32EB-8963-C39BF022DAF7}.RelWithDebInfo|x64.Build.0 = RelWithDebInfo|x64
	EndGlobalSection
	GlobalSection(ExtensibilityGlobals) = postSolution
		SolutionGuid = {430F1D25-FD54-344D-BD45-2BFBEF18FBE6}
	EndGlobalSection
	GlobalSection(ExtensibilityAddIns) = postSolution
	EndGlobalSection
EndGlobal
