
Microsoft Visual Studio Solution File, Format Version 12.00
# Visual Studio Version 16
Project("{8BC9CEB8-8B4A-11D0-8D11-00A0C91BC942}") = "ALL_BUILD", "ALL_BUILD.vcxproj", "{43DA545A-0969-325F-81F0-DED618741B79}"
	ProjectSection(ProjectDependencies) = postProject
		{E3B4350C-8543-3832-8893-B504EBFD5FBD} = {E3B4350C-8543-3832-8893-B504EBFD5FBD}
		{B578BDC8-AD24-372A-A8FA-1A721835F235} = {B578BDC8-AD24-372A-A8FA-1A721835F235}
		{D873ABE0-98A2-3775-A083-0E3C3E2F2C2E} = {D873ABE0-98A2-3775-A083-0E3C3E2F2C2E}
		{D995A06F-F004-3196-83FA-16C2466E5AF2} = {D995A06F-F004-3196-83FA-16C2466E5AF2}
		{60E543A9-EC20-338C-BEB2-3424BE0383BE} = {60E543A9-EC20-338C-BEB2-3424BE0383BE}
		{B102D845-DDDD-30A6-AC14-7F582D2A3D95} = {B102D845-DDDD-30A6-AC14-7F582D2A3D95}
		{52CBBE7A-2AFA-3433-BF9E-C4E9545353DE} = {52CBBE7A-2AFA-3433-BF9E-C4E9545353DE}
		{462AB1D4-34C8-3552-8BF0-B82F985DEC73} = {462AB1D4-34C8-3552-8BF0-B82F985DEC73}
		{24B0DA73-9D09-3C88-B413-44BE89E0C006} = {24B0DA73-9D09-3C88-B413-44BE89E0C006}
		{E9577559-43BB-3FC6-B836-FE03898266A6} = {E9577559-43BB-3FC6-B836-FE03898266A6}
		{8823F9D9-3B5B-3BFE-9001-23D65C368B1E} = {8823F9D9-3B5B-3BFE-9001-23D65C368B1E}
		{829A916B-79F4-3513-9ECA-1FF25C9E1DBC} = {829A916B-79F4-3513-9ECA-1FF25C9E1DBC}
		{55E3015A-09FC-3E1B-B48E-EBE66106A033} = {55E3015A-09FC-3E1B-B48E-EBE66106A033}
		{B14DD1B3-4838-325B-9821-B54616B5C232} = {B14DD1B3-4838-325B-9821-B54616B5C232}
		{405C6763-D77B-3DA9-9260-D4011183CF8D} = {405C6763-D77B-3DA9-9260-D4011183CF8D}
		{19A16811-89F7-3350-B327-72099A89A7D6} = {19A16811-89F7-3350-B327-72099A89A7D6}
		{12608C63-9855-3463-AAA0-1D0D36152EB0} = {12608C63-9855-3463-AAA0-1D0D36152EB0}
		{53F7DD0D-EB61-3825-A550-C9351BDBCA38} = {53F7DD0D-EB61-3825-A550-C9351BDBCA38}
		{A37AF155-9D16-32DE-84F0-4475F06B3CE7} = {A37AF155-9D16-32DE-84F0-4475F06B3CE7}
		{5DAB3CDC-59D2-3649-8604-0E058EF6010D} = {5DAB3CDC-59D2-3649-8604-0E058EF6010D}
		{56EDACD6-80F9-3C52-9C84-E447AD95672B} = {56EDACD6-80F9-3C52-9C84-E447AD95672B}
		{6780A77C-55B7-3B19-842D-CFB9EA17FC39} = {6780A77C-55B7-3B19-842D-CFB9EA17FC39}
		{9ED35DC4-C779-39DC-9509-E46F2E254983} = {9ED35DC4-C779-39DC-9509-E46F2E254983}
		{0B09B462-6AF7-303A-B6FF-47CC7870046D} = {0B09B462-6AF7-303A-B6FF-47CC7870046D}
		{1DAE694E-5E39-3883-B8DD-AC4CD7DAC456} = {1DAE694E-5E39-3883-B8DD-AC4CD7DAC456}
		{33A51D60-3C45-3229-A4E9-8F23399F9803} = {33A51D60-3C45-3229-A4E9-8F23399F9803}
		{B965830B-C19A-3FDE-92AE-51FDA3774733} = {B965830B-C19A-3FDE-92AE-51FDA3774733}
		{BC48874D-154C-3BD9-B1CD-35DD09CEA960} = {BC48874D-154C-3BD9-B1CD-35DD09CEA960}
		{1BC23E46-1444-3440-BE8C-B563D9A0425D} = {1BC23E46-1444-3440-BE8C-B563D9A0425D}
		{0C577C07-8A0C-3AB6-B6B5-BFDE25E1E890} = {0C577C07-8A0C-3AB6-B6B5-BFDE25E1E890}
		{196E39B4-5E48-31E0-961D-4822FF24DC69} = {196E39B4-5E48-31E0-961D-4822FF24DC69}
		{A3EADF50-92D7-33C2-8931-93BEEB876BB6} = {A3EADF50-92D7-33C2-8931-93BEEB876BB6}
		{695DF9DA-2029-3C91-B207-841541E0C7FE} = {695DF9DA-2029-3C91-B207-841541E0C7FE}
		{2627D1F9-0B00-3854-826C-EFB4564F2739} = {2627D1F9-0B00-3854-826C-EFB4564F2739}
		{BDBAF50D-D13B-375D-9C61-F4C97C1DC42B} = {BDBAF50D-D13B-375D-9C61-F4C97C1DC42B}
		{ADB3B2D6-C2D9-330C-9D1C-2D9AE1650253} = {ADB3B2D6-C2D9-330C-9D1C-2D9AE1650253}
		{6DB91BB3-2062-3CCF-B98F-B8C659271DCA} = {6DB91BB3-2062-3CCF-B98F-B8C659271DCA}
		{19205E9E-FDCF-300C-816C-B5B038E43C44} = {19205E9E-FDCF-300C-816C-B5B038E43C44}
		{245F038B-DAB2-334A-8562-9576323DB2C7} = {245F038B-DAB2-334A-8562-9576323DB2C7}
		{AB805D9C-30E1-30D0-A70D-DEBC542CC007} = {AB805D9C-30E1-30D0-A70D-DEBC542CC007}
		{85379990-1D52-32EB-8963-C39BF022DAF7} = {85379990-1D52-32EB-8963-C39BF022DAF7}
		{7EF89D3F-8C32-387B-8C3A-0E2D2253F71C} = {7EF89D3F-8C32-387B-8C3A-0E2D2253F71C}
		{40599D8C-605F-3889-9B0D-91D493851923} = {40599D8C-605F-3889-9B0D-91D493851923}
		{01B64800-CD19-32DE-89D9-CCE837B9DB17} = {01B64800-CD19-32DE-89D9-CCE837B9DB17}
		{4F73B986-B079-3176-9433-536B62969929} = {4F73B986-B079-3176-9433-536B62969929}
		{39884788-5A59-3510-9A27-965F35C7DCDC} = {39884788-5A59-3510-9A27-965F35C7DCDC}
		{43F20820-0610-37F0-9A5D-73FC85B521C4} = {43F20820-0610-37F0-9A5D-73FC85B521C4}
		{60019D6F-B7E5-3A02-A590-1E77201AAD6F} = {60019D6F-B7E5-3A02-A590-1E77201AAD6F}
		{9DA9AF1A-B64D-35C0-B6AD-268382A607F7} = {9DA9AF1A-B64D-35C0-B6AD-268382A607F7}
		{C932AFB6-A274-3279-AC58-1E7B1A7D02BB} = {C932AFB6-A274-3279-AC58-1E7B1A7D02BB}
		{F973D7A7-6F64-3C32-A373-DE905D93E9CD} = {F973D7A7-6F64-3C32-A373-DE905D93E9CD}
		{5E1BA10B-5BFD-3146-ADC2-80F934D14F57} = {5E1BA10B-5BFD-3146-ADC2-80F934D14F57}
		{8E8A72C8-633E-3329-A104-423B7B54669A} = {8E8A72C8-633E-3329-A104-423B7B54669A}
		{A655A9CF-F134-3546-8067-31951938C24B} = {A655A9CF-F134-3546-8067-31951938C24B}
		{14DEDD9B-53DF-33F0-9E6E-57DC86C1FD9E} = {14DEDD9B-53DF-33F0-9E6E-57DC86C1FD9E}
		{52118DA8-D5AE-3F7C-87AE-FA8C5F423623} = {52118DA8-D5AE-3F7C-87AE-FA8C5F423623}
		{BF93DE0C-044D-3EDE-A322-02BADD4A4F8E} = {BF93DE0C-044D-3EDE-A322-02BADD4A4F8E}
		{D416B35A-A2A7-36D5-B8B4-1B3126C6A9B5} = {D416B35A-A2A7-36D5-B8B4-1B3126C6A9B5}
	EndProjectSection
EndProject
Project("{8BC9CEB8-8B4A-11D0-8D11-00A0C91BC942}") = "Continuous", "Continuous.vcxproj", "{E5C840C3-D324-3757-834B-DDC3C630EF11}"
	ProjectSection(ProjectDependencies) = postProject
		{E3B4350C-8543-3832-8893-B504EBFD5FBD} = {E3B4350C-8543-3832-8893-B504EBFD5FBD}
	EndProjectSection
EndProject
Project("{8BC9CEB8-8B4A-11D0-8D11-00A0C91BC942}") = "Experimental", "Experimental.vcxproj", "{BE451127-22F8-3A8A-B5B1-BD32D21ADFC2}"
	ProjectSection(ProjectDependencies) = postProject
		{E3B4350C-8543-3832-8893-B504EBFD5FBD} = {E3B4350C-8543-3832-8893-B504EBFD5FBD}
	EndProjectSection
EndProject
Project("{8BC9CEB8-8B4A-11D0-8D11-00A0C91BC942}") = "INSTALL", "INSTALL.vcxproj", "{F370CCC3-F9A1-3858-A301-555B9011A221}"
	ProjectSection(ProjectDependencies) = postProject
		{43DA545A-0969-325F-81F0-DED618741B79} = {43DA545A-0969-325F-81F0-DED618741B79}
		{E3B4350C-8543-3832-8893-B504EBFD5FBD} = {E3B4350C-8543-3832-8893-B504EBFD5FBD}
	EndProjectSection
EndProject
Project("{8BC9CEB8-8B4A-11D0-8D11-00A0C91BC942}") = "Nightly", "Nightly.vcxproj", "{51112827-B2F3-3815-9B99-568D771FCA18}"
	ProjectSection(ProjectDependencies) = postProject
		{E3B4350C-8543-3832-8893-B504EBFD5FBD} = {E3B4350C-8543-3832-8893-B504EBFD5FBD}
	EndProjectSection
EndProject
Project("{8BC9CEB8-8B4A-11D0-8D11-00A0C91BC942}") = "NightlyMemoryCheck", "NightlyMemoryCheck.vcxproj", "{B78E5E50-6C35-39E1-A022-F2BE4CE701C1}"
	ProjectSection(ProjectDependencies) = postProject
		{E3B4350C-8543-3832-8893-B504EBFD5FBD} = {E3B4350C-8543-3832-8893-B504EBFD5FBD}
	EndProjectSection
EndProject
Project("{8BC9CEB8-8B4A-11D0-8D11-00A0C91BC942}") = "PACKAGE", "PACKAGE.vcxproj", "{9342FE1F-23F8-3077-8A47-87D0B24C5869}"
	ProjectSection(ProjectDependencies) = postProject
		{43DA545A-0969-325F-81F0-DED618741B79} = {43DA545A-0969-325F-81F0-DED618741B79}
		{E3B4350C-8543-3832-8893-B504EBFD5FBD} = {E3B4350C-8543-3832-8893-B504EBFD5FBD}
	EndProjectSection
EndProject
Project("{8BC9CEB8-8B4A-11D0-8D11-00A0C91BC942}") = "RUN_TESTS", "RUN_TESTS.vcxproj", "{BE315D46-3E93-3EAC-9B52-FFCC2E3FCE3A}"
	ProjectSection(ProjectDependencies) = postProject
		{E3B4350C-8543-3832-8893-B504EBFD5FBD} = {E3B4350C-8543-3832-8893-B504EBFD5FBD}
	EndProjectSection
EndProject
Project("{8BC9CEB8-8B4A-11D0-8D11-00A0C91BC942}") = "ZERO_CHECK", "ZERO_CHECK.vcxproj", "{E3B4350C-8543-3832-8893-B504EBFD5FBD}"
	ProjectSection(ProjectDependencies) = postProject
	EndProjectSection
EndProject
Project("{8BC9CEB8-8B4A-11D0-8D11-00A0C91BC942}") = "aggregation1", "src\libmongoc\aggregation1.vcxproj", "{B578BDC8-AD24-372A-A8FA-1A721835F235}"
	ProjectSection(ProjectDependencies) = postProject
		{E3B4350C-8543-3832-8893-B504EBFD5FBD} = {E3B4350C-8543-3832-8893-B504EBFD5FBD}
		{8823F9D9-3B5B-3BFE-9001-23D65C368B1E} = {8823F9D9-3B5B-3BFE-9001-23D65C368B1E}
		{43F20820-0610-37F0-9A5D-73FC85B521C4} = {43F20820-0610-37F0-9A5D-73FC85B521C4}
	EndProjectSection
EndProject
Project("{8BC9CEB8-8B4A-11D0-8D11-00A0C91BC942}") = "appending", "src\libmongoc\appending.vcxproj", "{D873ABE0-98A2-3775-A083-0E3C3E2F2C2E}"
	ProjectSection(ProjectDependencies) = postProject
		{E3B4350C-8543-3832-8893-B504EBFD5FBD} = {E3B4350C-8543-3832-8893-B504EBFD5FBD}
		{8823F9D9-3B5B-3BFE-9001-23D65C368B1E} = {8823F9D9-3B5B-3BFE-9001-23D65C368B1E}
		{43F20820-0610-37F0-9A5D-73FC85B521C4} = {43F20820-0610-37F0-9A5D-73FC85B521C4}
	EndProjectSection
EndProject
Project("{8BC9CEB8-8B4A-11D0-8D11-00A0C91BC942}") = "basic-aggregation", "src\libmongoc\basic-aggregation.vcxproj", "{D995A06F-F004-3196-83FA-16C2466E5AF2}"
	ProjectSection(ProjectDependencies) = postProject
		{E3B4350C-8543-3832-8893-B504EBFD5FBD} = {E3B4350C-8543-3832-8893-B504EBFD5FBD}
		{8823F9D9-3B5B-3BFE-9001-23D65C368B1E} = {8823F9D9-3B5B-3BFE-9001-23D65C368B1E}
		{43F20820-0610-37F0-9A5D-73FC85B521C4} = {43F20820-0610-37F0-9A5D-73FC85B521C4}
	EndProjectSection
EndProject
Project("{8BC9CEB8-8B4A-11D0-8D11-00A0C91BC942}") = "bcon-col-view", "src\libbson\bcon-col-view.vcxproj", "{60E543A9-EC20-338C-BEB2-3424BE0383BE}"
	ProjectSection(ProjectDependencies) = postProject
		{E3B4350C-8543-3832-8893-B504EBFD5FBD} = {E3B4350C-8543-3832-8893-B504EBFD5FBD}
		{8823F9D9-3B5B-3BFE-9001-23D65C368B1E} = {8823F9D9-3B5B-3BFE-9001-23D65C368B1E}
	EndProjectSection
EndProject
Project("{8BC9CEB8-8B4A-11D0-8D11-00A0C91BC942}") = "bcon-speed", "src\libbson\bcon-speed.vcxproj", "{B102D845-DDDD-30A6-AC14-7F582D2A3D95}"
	ProjectSection(ProjectDependencies) = postProject
		{E3B4350C-8543-3832-8893-B504EBFD5FBD} = {E3B4350C-8543-3832-8893-B504EBFD5FBD}
		{8823F9D9-3B5B-3BFE-9001-23D65C368B1E} = {8823F9D9-3B5B-3BFE-9001-23D65C368B1E}
	EndProjectSection
EndProject
Project("{8BC9CEB8-8B4A-11D0-8D11-00A0C91BC942}") = "bson-check-depth", "src\libbson\bson-check-depth.vcxproj", "{52CBBE7A-2AFA-3433-BF9E-C4E9545353DE}"
	ProjectSection(ProjectDependencies) = postProject
		{E3B4350C-8543-3832-8893-B504EBFD5FBD} = {E3B4350C-8543-3832-8893-B504EBFD5FBD}
		{8823F9D9-3B5B-3BFE-9001-23D65C368B1E} = {8823F9D9-3B5B-3BFE-9001-23D65C368B1E}
	EndProjectSection
EndProject
Project("{8BC9CEB8-8B4A-11D0-8D11-00A0C91BC942}") = "bson-metrics", "src\libbson\bson-metrics.vcxproj", "{462AB1D4-34C8-3552-8BF0-B82F985DEC73}"
	ProjectSection(ProjectDependencies) = postProject
		{E3B4350C-8543-3832-8893-B504EBFD5FBD} = {E3B4350C-8543-3832-8893-B504EBFD5FBD}
		{8823F9D9-3B5B-3BFE-9001-23D65C368B1E} = {8823F9D9-3B5B-3BFE-9001-23D65C368B1E}
	EndProjectSection
EndProject
Project("{8BC9CEB8-8B4A-11D0-8D11-00A0C91BC942}") = "bson-to-json", "src\libbson\bson-to-json.vcxproj", "{24B0DA73-9D09-3C88-B413-44BE89E0C006}"
	ProjectSection(ProjectDependencies) = postProject
		{E3B4350C-8543-3832-8893-B504EBFD5FBD} = {E3B4350C-8543-3832-8893-B504EBFD5FBD}
		{8823F9D9-3B5B-3BFE-9001-23D65C368B1E} = {8823F9D9-3B5B-3BFE-9001-23D65C368B1E}
	EndProjectSection
EndProject
Project("{8BC9CEB8-8B4A-11D0-8D11-00A0C91BC942}") = "bson-validate", "src\libbson\bson-validate.vcxproj", "{E9577559-43BB-3FC6-B836-FE03898266A6}"
	ProjectSection(ProjectDependencies) = postProject
		{E3B4350C-8543-3832-8893-B504EBFD5FBD} = {E3B4350C-8543-3832-8893-B504EBFD5FBD}
		{8823F9D9-3B5B-3BFE-9001-23D65C368B1E} = {8823F9D9-3B5B-3BFE-9001-23D65C368B1E}
	EndProjectSection
EndProject
Project("{8BC9CEB8-8B4A-11D0-8D11-00A0C91BC942}") = "bson_shared", "src\libbson\bson_shared.vcxproj", "{8823F9D9-3B5B-3BFE-9001-23D65C368B1E}"
	ProjectSection(ProjectDependencies) = postProject
		{E3B4350C-8543-3832-8893-B504EBFD5FBD} = {E3B4350C-8543-3832-8893-B504EBFD5FBD}
	EndProjectSection
EndProject
Project("{8BC9CEB8-8B4A-11D0-8D11-00A0C91BC942}") = "bson_static", "src\libbson\bson_static.vcxproj", "{829A916B-79F4-3513-9ECA-1FF25C9E1DBC}"
	ProjectSection(ProjectDependencies) = postProject
		{E3B4350C-8543-3832-8893-B504EBFD5FBD} = {E3B4350C-8543-3832-8893-B504EBFD5FBD}
	EndProjectSection
EndProject
Project("{8BC9CEB8-8B4A-11D0-8D11-00A0C91BC942}") = "bulk-collation", "src\libmongoc\bulk-collation.vcxproj", "{55E3015A-09FC-3E1B-B48E-EBE66106A033}"
	ProjectSection(ProjectDependencies) = postProject
		{E3B4350C-8543-3832-8893-B504EBFD5FBD} = {E3B4350C-8543-3832-8893-B504EBFD5FBD}
		{8823F9D9-3B5B-3BFE-9001-23D65C368B1E} = {8823F9D9-3B5B-3BFE-9001-23D65C368B1E}
		{43F20820-0610-37F0-9A5D-73FC85B521C4} = {43F20820-0610-37F0-9A5D-73FC85B521C4}
	EndProjectSection
EndProject
Project("{8BC9CEB8-8B4A-11D0-8D11-00A0C91BC942}") = "bulk1", "src\libmongoc\bulk1.vcxproj", "{B14DD1B3-4838-325B-9821-B54616B5C232}"
	ProjectSection(ProjectDependencies) = postProject
		{E3B4350C-8543-3832-8893-B504EBFD5FBD} = {E3B4350C-8543-3832-8893-B504EBFD5FBD}
		{8823F9D9-3B5B-3BFE-9001-23D65C368B1E} = {8823F9D9-3B5B-3BFE-9001-23D65C368B1E}
		{43F20820-0610-37F0-9A5D-73FC85B521C4} = {43F20820-0610-37F0-9A5D-73FC85B521C4}
	EndProjectSection
EndProject
Project("{8BC9CEB8-8B4A-11D0-8D11-00A0C91BC942}") = "bulk2", "src\libmongoc\bulk2.vcxproj", "{405C6763-D77B-3DA9-9260-D4011183CF8D}"
	ProjectSection(ProjectDependencies) = postProject
		{E3B4350C-8543-3832-8893-B504EBFD5FBD} = {E3B4350C-8543-3832-8893-B504EBFD5FBD}
		{8823F9D9-3B5B-3BFE-9001-23D65C368B1E} = {8823F9D9-3B5B-3BFE-9001-23D65C368B1E}
		{43F20820-0610-37F0-9A5D-73FC85B521C4} = {43F20820-0610-37F0-9A5D-73FC85B521C4}
	EndProjectSection
EndProject
Project("{8BC9CEB8-8B4A-11D0-8D11-00A0C91BC942}") = "bulk3", "src\libmongoc\bulk3.vcxproj", "{19A16811-89F7-3350-B327-72099A89A7D6}"
	ProjectSection(ProjectDependencies) = postProject
		{E3B4350C-8543-3832-8893-B504EBFD5FBD} = {E3B4350C-8543-3832-8893-B504EBFD5FBD}
		{8823F9D9-3B5B-3BFE-9001-23D65C368B1E} = {8823F9D9-3B5B-3BFE-9001-23D65C368B1E}
		{43F20820-0610-37F0-9A5D-73FC85B521C4} = {43F20820-0610-37F0-9A5D-73FC85B521C4}
	EndProjectSection
EndProject
Project("{8BC9CEB8-8B4A-11D0-8D11-00A0C91BC942}") = "bulk4", "src\libmongoc\bulk4.vcxproj", "{12608C63-9855-3463-AAA0-1D0D36152EB0}"
	ProjectSection(ProjectDependencies) = postProject
		{E3B4350C-8543-3832-8893-B504EBFD5FBD} = {E3B4350C-8543-3832-8893-B504EBFD5FBD}
		{8823F9D9-3B5B-3BFE-9001-23D65C368B1E} = {8823F9D9-3B5B-3BFE-9001-23D65C368B1E}
		{43F20820-0610-37F0-9A5D-73FC85B521C4} = {43F20820-0610-37F0-9A5D-73FC85B521C4}
	EndProjectSection
EndProject
Project("{8BC9CEB8-8B4A-11D0-8D11-00A0C91BC942}") = "bulk5", "src\libmongoc\bulk5.vcxproj", "{53F7DD0D-EB61-3825-A550-C9351BDBCA38}"
	ProjectSection(ProjectDependencies) = postProject
		{E3B4350C-8543-3832-8893-B504EBFD5FBD} = {E3B4350C-8543-3832-8893-B504EBFD5FBD}
		{8823F9D9-3B5B-3BFE-9001-23D65C368B1E} = {8823F9D9-3B5B-3BFE-9001-23D65C368B1E}
		{43F20820-0610-37F0-9A5D-73FC85B521C4} = {43F20820-0610-37F0-9A5D-73FC85B521C4}
	EndProjectSection
EndProject
Project("{8BC9CEB8-8B4A-11D0-8D11-00A0C91BC942}") = "bulk6", "src\libmongoc\bulk6.vcxproj", "{A37AF155-9D16-32DE-84F0-4475F06B3CE7}"
	ProjectSection(ProjectDependencies) = postProject
		{E3B4350C-8543-3832-8893-B504EBFD5FBD} = {E3B4350C-8543-3832-8893-B504EBFD5FBD}
		{8823F9D9-3B5B-3BFE-9001-23D65C368B1E} = {8823F9D9-3B5B-3BFE-9001-23D65C368B1E}
		{43F20820-0610-37F0-9A5D-73FC85B521C4} = {43F20820-0610-37F0-9A5D-73FC85B521C4}
	EndProjectSection
EndProject
Project("{8BC9CEB8-8B4A-11D0-8D11-00A0C91BC942}") = "check", "src\libmongoc\check.vcxproj", "{148C306B-AF09-3882-AB8F-55C19A6E8AD1}"
	ProjectSection(ProjectDependencies) = postProject
		{E3B4350C-8543-3832-8893-B504EBFD5FBD} = {E3B4350C-8543-3832-8893-B504EBFD5FBD}
		{8E8A72C8-633E-3329-A104-423B7B54669A} = {8E8A72C8-633E-3329-A104-423B7B54669A}
	EndProjectSection
EndProject
Project("{8BC9CEB8-8B4A-11D0-8D11-00A0C91BC942}") = "common-operations", "src\libmongoc\common-operations.vcxproj", "{5DAB3CDC-59D2-3649-8604-0E058EF6010D}"
	ProjectSection(ProjectDependencies) = postProject
		{E3B4350C-8543-3832-8893-B504EBFD5FBD} = {E3B4350C-8543-3832-8893-B504EBFD5FBD}
		{8823F9D9-3B5B-3BFE-9001-23D65C368B1E} = {8823F9D9-3B5B-3BFE-9001-23D65C368B1E}
		{43F20820-0610-37F0-9A5D-73FC85B521C4} = {43F20820-0610-37F0-9A5D-73FC85B521C4}
	EndProjectSection
EndProject
Project("{8BC9CEB8-8B4A-11D0-8D11-00A0C91BC942}") = "creating", "src\libbson\creating.vcxproj", "{56EDACD6-80F9-3C52-9C84-E447AD95672B}"
	ProjectSection(ProjectDependencies) = postProject
		{E3B4350C-8543-3832-8893-B504EBFD5FBD} = {E3B4350C-8543-3832-8893-B504EBFD5FBD}
		{8823F9D9-3B5B-3BFE-9001-23D65C368B1E} = {8823F9D9-3B5B-3BFE-9001-23D65C368B1E}
	EndProjectSection
EndProject
Project("{8BC9CEB8-8B4A-11D0-8D11-00A0C91BC942}") = "example-client", "src\libmongoc\example-client.vcxproj", "{6780A77C-55B7-3B19-842D-CFB9EA17FC39}"
	ProjectSection(ProjectDependencies) = postProject
		{E3B4350C-8543-3832-8893-B504EBFD5FBD} = {E3B4350C-8543-3832-8893-B504EBFD5FBD}
		{8823F9D9-3B5B-3BFE-9001-23D65C368B1E} = {8823F9D9-3B5B-3BFE-9001-23D65C368B1E}
		{43F20820-0610-37F0-9A5D-73FC85B521C4} = {43F20820-0610-37F0-9A5D-73FC85B521C4}
	EndProjectSection
EndProject
Project("{8BC9CEB8-8B4A-11D0-8D11-00A0C91BC942}") = "example-collection-command", "src\libmongoc\example-collection-command.vcxproj", "{9ED35DC4-C779-39DC-9509-E46F2E254983}"
	ProjectSection(ProjectDependencies) = postProject
		{E3B4350C-8543-3832-8893-B504EBFD5FBD} = {E3B4350C-8543-3832-8893-B504EBFD5FBD}
		{8823F9D9-3B5B-3BFE-9001-23D65C368B1E} = {8823F9D9-3B5B-3BFE-9001-23D65C368B1E}
		{43F20820-0610-37F0-9A5D-73FC85B521C4} = {43F20820-0610-37F0-9A5D-73FC85B521C4}
	EndProjectSection
EndProject
Project("{8BC9CEB8-8B4A-11D0-8D11-00A0C91BC942}") = "example-collection-watch", "src\libmongoc\example-collection-watch.vcxproj", "{0B09B462-6AF7-303A-B6FF-47CC7870046D}"
	ProjectSection(ProjectDependencies) = postProject
		{E3B4350C-8543-3832-8893-B504EBFD5FBD} = {E3B4350C-8543-3832-8893-B504EBFD5FBD}
		{8823F9D9-3B5B-3BFE-9001-23D65C368B1E} = {8823F9D9-3B5B-3BFE-9001-23D65C368B1E}
		{43F20820-0610-37F0-9A5D-73FC85B521C4} = {43F20820-0610-37F0-9A5D-73FC85B521C4}
	EndProjectSection
EndProject
Project("{8BC9CEB8-8B4A-11D0-8D11-00A0C91BC942}") = "example-command-monitoring", "src\libmongoc\example-command-monitoring.vcxproj", "{1DAE694E-5E39-3883-B8DD-AC4CD7DAC456}"
	ProjectSection(ProjectDependencies) = postProject
		{E3B4350C-8543-3832-8893-B504EBFD5FBD} = {E3B4350C-8543-3832-8893-B504EBFD5FBD}
		{8823F9D9-3B5B-3BFE-9001-23D65C368B1E} = {8823F9D9-3B5B-3BFE-9001-23D65C368B1E}
		{43F20820-0610-37F0-9A5D-73FC85B521C4} = {43F20820-0610-37F0-9A5D-73FC85B521C4}
	EndProjectSection
EndProject
Project("{8BC9CEB8-8B4A-11D0-8D11-00A0C91BC942}") = "example-command-with-opts", "src\libmongoc\example-command-with-opts.vcxproj", "{33A51D60-3C45-3229-A4E9-8F23399F9803}"
	ProjectSection(ProjectDependencies) = postProject
		{E3B4350C-8543-3832-8893-B504EBFD5FBD} = {E3B4350C-8543-3832-8893-B504EBFD5FBD}
		{8823F9D9-3B5B-3BFE-9001-23D65C368B1E} = {8823F9D9-3B5B-3BFE-9001-23D65C368B1E}
		{43F20820-0610-37F0-9A5D-73FC85B521C4} = {43F20820-0610-37F0-9A5D-73FC85B521C4}
	EndProjectSection
EndProject
Project("{8BC9CEB8-8B4A-11D0-8D11-00A0C91BC942}") = "example-gridfs", "src\libmongoc\example-gridfs.vcxproj", "{B965830B-C19A-3FDE-92AE-51FDA3774733}"
	ProjectSection(ProjectDependencies) = postProject
		{E3B4350C-8543-3832-8893-B504EBFD5FBD} = {E3B4350C-8543-3832-8893-B504EBFD5FBD}
		{8823F9D9-3B5B-3BFE-9001-23D65C368B1E} = {8823F9D9-3B5B-3BFE-9001-23D65C368B1E}
		{43F20820-0610-37F0-9A5D-73FC85B521C4} = {43F20820-0610-37F0-9A5D-73FC85B521C4}
	EndProjectSection
EndProject
Project("{8BC9CEB8-8B4A-11D0-8D11-00A0C91BC942}") = "example-gridfs-bucket", "src\libmongoc\example-gridfs-bucket.vcxproj", "{BC48874D-154C-3BD9-B1CD-35DD09CEA960}"
	ProjectSection(ProjectDependencies) = postProject
		{E3B4350C-8543-3832-8893-B504EBFD5FBD} = {E3B4350C-8543-3832-8893-B504EBFD5FBD}
		{8823F9D9-3B5B-3BFE-9001-23D65C368B1E} = {8823F9D9-3B5B-3BFE-9001-23D65C368B1E}
		{43F20820-0610-37F0-9A5D-73FC85B521C4} = {43F20820-0610-37F0-9A5D-73FC85B521C4}
	EndProjectSection
EndProject
Project("{8BC9CEB8-8B4A-11D0-8D11-00A0C91BC942}") = "example-manage-collection-indexes", "src\libmongoc\example-manage-collection-indexes.vcxproj", "{1BC23E46-1444-3440-BE8C-B563D9A0425D}"
	ProjectSection(ProjectDependencies) = postProject
		{E3B4350C-8543-3832-8893-B504EBFD5FBD} = {E3B4350C-8543-3832-8893-B504EBFD5FBD}
		{8823F9D9-3B5B-3BFE-9001-23D65C368B1E} = {8823F9D9-3B5B-3BFE-9001-23D65C368B1E}
		{43F20820-0610-37F0-9A5D-73FC85B521C4} = {43F20820-0610-37F0-9A5D-73FC85B521C4}
	EndProjectSection
EndProject
Project("{8BC9CEB8-8B4A-11D0-8D11-00A0C91BC942}") = "example-manage-search-indexes", "src\libmongoc\example-manage-search-indexes.vcxproj", "{0C577C07-8A0C-3AB6-B6B5-BFDE25E1E890}"
	ProjectSection(ProjectDependencies) = postProject
		{E3B4350C-8543-3832-8893-B504EBFD5FBD} = {E3B4350C-8543-3832-8893-B504EBFD5FBD}
		{8823F9D9-3B5B-3BFE-9001-23D65C368B1E} = {8823F9D9-3B5B-3BFE-9001-23D65C368B1E}
		{43F20820-0610-37F0-9A5D-73FC85B521C4} = {43F20820-0610-37F0-9A5D-73FC85B521C4}
	EndProjectSection
EndProject
Project("{8BC9CEB8-8B4A-11D0-8D11-00A0C91BC942}") = "example-scram", "src\libmongoc\example-scram.vcxproj", "{196E39B4-5E48-31E0-961D-4822FF24DC69}"
	ProjectSection(ProjectDependencies) = postProject
		{E3B4350C-8543-3832-8893-B504EBFD5FBD} = {E3B4350C-8543-3832-8893-B504EBFD5FBD}
		{8823F9D9-3B5B-3BFE-9001-23D65C368B1E} = {8823F9D9-3B5B-3BFE-9001-23D65C368B1E}
		{43F20820-0610-37F0-9A5D-73FC85B521C4} = {43F20820-0610-37F0-9A5D-73FC85B521C4}
	EndProjectSection
EndProject
Project("{8BC9CEB8-8B4A-11D0-8D11-00A0C91BC942}") = "example-sdam-monitoring", "src\libmongoc\example-sdam-monitoring.vcxproj", "{A3EADF50-92D7-33C2-8931-93BEEB876BB6}"
	ProjectSection(ProjectDependencies) = postProject
		{E3B4350C-8543-3832-8893-B504EBFD5FBD} = {E3B4350C-8543-3832-8893-B504EBFD5FBD}
		{8823F9D9-3B5B-3BFE-9001-23D65C368B1E} = {8823F9D9-3B5B-3BFE-9001-23D65C368B1E}
		{43F20820-0610-37F0-9A5D-73FC85B521C4} = {43F20820-0610-37F0-9A5D-73FC85B521C4}
	EndProjectSection
EndProject
Project("{8BC9CEB8-8B4A-11D0-8D11-00A0C91BC942}") = "example-session", "src\libmongoc\example-session.vcxproj", "{695DF9DA-2029-3C91-B207-841541E0C7FE}"
	ProjectSection(ProjectDependencies) = postProject
		{E3B4350C-8543-3832-8893-B504EBFD5FBD} = {E3B4350C-8543-3832-8893-B504EBFD5FBD}
		{8823F9D9-3B5B-3BFE-9001-23D65C368B1E} = {8823F9D9-3B5B-3BFE-9001-23D65C368B1E}
		{43F20820-0610-37F0-9A5D-73FC85B521C4} = {43F20820-0610-37F0-9A5D-73FC85B521C4}
	EndProjectSection
EndProject
Project("{8BC9CEB8-8B4A-11D0-8D11-00A0C91BC942}") = "example-start-at-optime", "src\libmongoc\example-start-at-optime.vcxproj", "{2627D1F9-0B00-3854-826C-EFB4564F2739}"
	ProjectSection(ProjectDependencies) = postProject
		{E3B4350C-8543-3832-8893-B504EBFD5FBD} = {E3B4350C-8543-3832-8893-B504EBFD5FBD}
		{8823F9D9-3B5B-3BFE-9001-23D65C368B1E} = {8823F9D9-3B5B-3BFE-9001-23D65C368B1E}
		{43F20820-0610-37F0-9A5D-73FC85B521C4} = {43F20820-0610-37F0-9A5D-73FC85B521C4}
	EndProjectSection
EndProject
Project("{8BC9CEB8-8B4A-11D0-8D11-00A0C91BC942}") = "example-transaction", "src\libmongoc\example-transaction.vcxproj", "{BDBAF50D-D13B-375D-9C61-F4C97C1DC42B}"
	ProjectSection(ProjectDependencies) = postProject
		{E3B4350C-8543-3832-8893-B504EBFD5FBD} = {E3B4350C-8543-3832-8893-B504EBFD5FBD}
		{8823F9D9-3B5B-3BFE-9001-23D65C368B1E} = {8823F9D9-3B5B-3BFE-9001-23D65C368B1E}
		{43F20820-0610-37F0-9A5D-73FC85B521C4} = {43F20820-0610-37F0-9A5D-73FC85B521C4}
	EndProjectSection
EndProject
Project("{8BC9CEB8-8B4A-11D0-8D11-00A0C91BC942}") = "example-update", "src\libmongoc\example-update.vcxproj", "{ADB3B2D6-C2D9-330C-9D1C-2D9AE1650253}"
	ProjectSection(ProjectDependencies) = postProject
		{E3B4350C-8543-3832-8893-B504EBFD5FBD} = {E3B4350C-8543-3832-8893-B504EBFD5FBD}
		{8823F9D9-3B5B-3BFE-9001-23D65C368B1E} = {8823F9D9-3B5B-3BFE-9001-23D65C368B1E}
		{43F20820-0610-37F0-9A5D-73FC85B521C4} = {43F20820-0610-37F0-9A5D-73FC85B521C4}
	EndProjectSection
EndProject
Project("{8BC9CEB8-8B4A-11D0-8D11-00A0C91BC942}") = "executing", "src\libmongoc\executing.vcxproj", "{6DB91BB3-2062-3CCF-B98F-B8C659271DCA}"
	ProjectSection(ProjectDependencies) = postProject
		{E3B4350C-8543-3832-8893-B504EBFD5FBD} = {E3B4350C-8543-3832-8893-B504EBFD5FBD}
		{8823F9D9-3B5B-3BFE-9001-23D65C368B1E} = {8823F9D9-3B5B-3BFE-9001-23D65C368B1E}
		{43F20820-0610-37F0-9A5D-73FC85B521C4} = {43F20820-0610-37F0-9A5D-73FC85B521C4}
	EndProjectSection
EndProject
Project("{8BC9CEB8-8B4A-11D0-8D11-00A0C91BC942}") = "fam", "src\libmongoc\fam.vcxproj", "{19205E9E-FDCF-300C-816C-B5B038E43C44}"
	ProjectSection(ProjectDependencies) = postProject
		{E3B4350C-8543-3832-8893-B504EBFD5FBD} = {E3B4350C-8543-3832-8893-B504EBFD5FBD}
		{8823F9D9-3B5B-3BFE-9001-23D65C368B1E} = {8823F9D9-3B5B-3BFE-9001-23D65C368B1E}
		{43F20820-0610-37F0-9A5D-73FC85B521C4} = {43F20820-0610-37F0-9A5D-73FC85B521C4}
	EndProjectSection
EndProject
Project("{8BC9CEB8-8B4A-11D0-8D11-00A0C91BC942}") = "find-and-modify", "src\libmongoc\find-and-modify.vcxproj", "{245F038B-DAB2-334A-8562-9576323DB2C7}"
	ProjectSection(ProjectDependencies) = postProject
		{E3B4350C-8543-3832-8893-B504EBFD5FBD} = {E3B4350C-8543-3832-8893-B504EBFD5FBD}
		{8823F9D9-3B5B-3BFE-9001-23D65C368B1E} = {8823F9D9-3B5B-3BFE-9001-23D65C368B1E}
		{43F20820-0610-37F0-9A5D-73FC85B521C4} = {43F20820-0610-37F0-9A5D-73FC85B521C4}
	EndProjectSection
EndProject
Project("{8BC9CEB8-8B4A-11D0-8D11-00A0C91BC942}") = "hello_mongoc", "src\libmongoc\hello_mongoc.vcxproj", "{AB805D9C-30E1-30D0-A70D-DEBC542CC007}"
	ProjectSection(ProjectDependencies) = postProject
		{E3B4350C-8543-3832-8893-B504EBFD5FBD} = {E3B4350C-8543-3832-8893-B504EBFD5FBD}
		{8823F9D9-3B5B-3BFE-9001-23D65C368B1E} = {8823F9D9-3B5B-3BFE-9001-23D65C368B1E}
		{43F20820-0610-37F0-9A5D-73FC85B521C4} = {43F20820-0610-37F0-9A5D-73FC85B521C4}
	EndProjectSection
EndProject
Project("{8BC9CEB8-8B4A-11D0-8D11-00A0C91BC942}") = "json-to-bson", "src\libbson\json-to-bson.vcxproj", "{85379990-1D52-32EB-8963-C39BF022DAF7}"
	ProjectSection(ProjectDependencies) = postProject
		{E3B4350C-8543-3832-8893-B504EBFD5FBD} = {E3B4350C-8543-3832-8893-B504EBFD5FBD}
		{8823F9D9-3B5B-3BFE-9001-23D65C368B1E} = {8823F9D9-3B5B-3BFE-9001-23D65C368B1E}
	EndProjectSection
EndProject
Project("{8BC9CEB8-8B4A-11D0-8D11-00A0C91BC942}") = "mcd_rpc", "src\libmongoc\mcd_rpc.vcxproj", "{FAE7D6EA-5969-3325-BD60-284E8336AB47}"
	ProjectSection(ProjectDependencies) = postProject
		{E3B4350C-8543-3832-8893-B504EBFD5FBD} = {E3B4350C-8543-3832-8893-B504EBFD5FBD}
		{829A916B-79F4-3513-9ECA-1FF25C9E1DBC} = {829A916B-79F4-3513-9ECA-1FF25C9E1DBC}
	EndProjectSection
EndProject
Project("{8BC9CEB8-8B4A-11D0-8D11-00A0C91BC942}") = "mongoc-cxx-check", "src\mongoc-cxx-check.vcxproj", "{7EF89D3F-8C32-387B-8C3A-0E2D2253F71C}"
	ProjectSection(ProjectDependencies) = postProject
		{E3B4350C-8543-3832-8893-B504EBFD5FBD} = {E3B4350C-8543-3832-8893-B504EBFD5FBD}
		{829A916B-79F4-3513-9ECA-1FF25C9E1DBC} = {829A916B-79F4-3513-9ECA-1FF25C9E1DBC}
		{60019D6F-B7E5-3A02-A590-1E77201AAD6F} = {60019D6F-B7E5-3A02-A590-1E77201AAD6F}
	EndProjectSection
EndProject
Project("{8BC9CEB8-8B4A-11D0-8D11-00A0C91BC942}") = "mongoc-dump", "src\libmongoc\mongoc-dump.vcxproj", "{40599D8C-605F-3889-9B0D-91D493851923}"
	ProjectSection(ProjectDependencies) = postProject
		{E3B4350C-8543-3832-8893-B504EBFD5FBD} = {E3B4350C-8543-3832-8893-B504EBFD5FBD}
		{8823F9D9-3B5B-3BFE-9001-23D65C368B1E} = {8823F9D9-3B5B-3BFE-9001-23D65C368B1E}
		{43F20820-0610-37F0-9A5D-73FC85B521C4} = {43F20820-0610-37F0-9A5D-73FC85B521C4}
	EndProjectSection
EndProject
Project("{8BC9CEB8-8B4A-11D0-8D11-00A0C91BC942}") = "mongoc-ping", "src\libmongoc\mongoc-ping.vcxproj", "{01B64800-CD19-32DE-89D9-CCE837B9DB17}"
	ProjectSection(ProjectDependencies) = postProject
		{E3B4350C-8543-3832-8893-B504EBFD5FBD} = {E3B4350C-8543-3832-8893-B504EBFD5FBD}
		{8823F9D9-3B5B-3BFE-9001-23D65C368B1E} = {8823F9D9-3B5B-3BFE-9001-23D65C368B1E}
		{43F20820-0610-37F0-9A5D-73FC85B521C4} = {43F20820-0610-37F0-9A5D-73FC85B521C4}
	EndProjectSection
EndProject
Project("{8BC9CEB8-8B4A-11D0-8D11-00A0C91BC942}") = "mongoc-stat", "src\libmongoc\mongoc-stat.vcxproj", "{4F73B986-B079-3176-9433-536B62969929}"
	ProjectSection(ProjectDependencies) = postProject
		{E3B4350C-8543-3832-8893-B504EBFD5FBD} = {E3B4350C-8543-3832-8893-B504EBFD5FBD}
		{8823F9D9-3B5B-3BFE-9001-23D65C368B1E} = {8823F9D9-3B5B-3BFE-9001-23D65C368B1E}
		{43F20820-0610-37F0-9A5D-73FC85B521C4} = {43F20820-0610-37F0-9A5D-73FC85B521C4}
	EndProjectSection
EndProject
Project("{8BC9CEB8-8B4A-11D0-8D11-00A0C91BC942}") = "mongoc-tail", "src\libmongoc\mongoc-tail.vcxproj", "{39884788-5A59-3510-9A27-965F35C7DCDC}"
	ProjectSection(ProjectDependencies) = postProject
		{E3B4350C-8543-3832-8893-B504EBFD5FBD} = {E3B4350C-8543-3832-8893-B504EBFD5FBD}
		{8823F9D9-3B5B-3BFE-9001-23D65C368B1E} = {8823F9D9-3B5B-3BFE-9001-23D65C368B1E}
		{43F20820-0610-37F0-9A5D-73FC85B521C4} = {43F20820-0610-37F0-9A5D-73FC85B521C4}
	EndProjectSection
EndProject
Project("{8BC9CEB8-8B4A-11D0-8D11-00A0C91BC942}") = "mongoc_shared", "src\libmongoc\mongoc_shared.vcxproj", "{43F20820-0610-37F0-9A5D-73FC85B521C4}"
	ProjectSection(ProjectDependencies) = postProject
		{E3B4350C-8543-3832-8893-B504EBFD5FBD} = {E3B4350C-8543-3832-8893-B504EBFD5FBD}
		{8823F9D9-3B5B-3BFE-9001-23D65C368B1E} = {8823F9D9-3B5B-3BFE-9001-23D65C368B1E}
		{BF93DE0C-044D-3EDE-A322-02BADD4A4F8E} = {BF93DE0C-044D-3EDE-A322-02BADD4A4F8E}
		{D416B35A-A2A7-36D5-B8B4-1B3126C6A9B5} = {D416B35A-A2A7-36D5-B8B4-1B3126C6A9B5}
	EndProjectSection
EndProject
Project("{8BC9CEB8-8B4A-11D0-8D11-00A0C91BC942}") = "mongoc_static", "src\libmongoc\mongoc_static.vcxproj", "{60019D6F-B7E5-3A02-A590-1E77201AAD6F}"
	ProjectSection(ProjectDependencies) = postProject
		{E3B4350C-8543-3832-8893-B504EBFD5FBD} = {E3B4350C-8543-3832-8893-B504EBFD5FBD}
		{829A916B-79F4-3513-9ECA-1FF25C9E1DBC} = {829A916B-79F4-3513-9ECA-1FF25C9E1DBC}
		{BF93DE0C-044D-3EDE-A322-02BADD4A4F8E} = {BF93DE0C-044D-3EDE-A322-02BADD4A4F8E}
		{D416B35A-A2A7-36D5-B8B4-1B3126C6A9B5} = {D416B35A-A2A7-36D5-B8B4-1B3126C6A9B5}
	EndProjectSection
EndProject
Project("{8BC9CEB8-8B4A-11D0-8D11-00A0C91BC942}") = "test-atlas-executor", "src\libmongoc\test-atlas-executor.vcxproj", "{9DA9AF1A-B64D-35C0-B6AD-268382A607F7}"
	ProjectSection(ProjectDependencies) = postProject
		{E3B4350C-8543-3832-8893-B504EBFD5FBD} = {E3B4350C-8543-3832-8893-B504EBFD5FBD}
		{829A916B-79F4-3513-9ECA-1FF25C9E1DBC} = {829A916B-79F4-3513-9ECA-1FF25C9E1DBC}
		{60019D6F-B7E5-3A02-A590-1E77201AAD6F} = {60019D6F-B7E5-3A02-A590-1E77201AAD6F}
		{A655A9CF-F134-3546-8067-31951938C24B} = {A655A9CF-F134-3546-8067-31951938C24B}
	EndProjectSection
EndProject
Project("{8BC9CEB8-8B4A-11D0-8D11-00A0C91BC942}") = "test-awsauth", "src\libmongoc\test-awsauth.vcxproj", "{C932AFB6-A274-3279-AC58-1E7B1A7D02BB}"
	ProjectSection(ProjectDependencies) = postProject
		{E3B4350C-8543-3832-8893-B504EBFD5FBD} = {E3B4350C-8543-3832-8893-B504EBFD5FBD}
		{829A916B-79F4-3513-9ECA-1FF25C9E1DBC} = {829A916B-79F4-3513-9ECA-1FF25C9E1DBC}
		{60019D6F-B7E5-3A02-A590-1E77201AAD6F} = {60019D6F-B7E5-3A02-A590-1E77201AAD6F}
	EndProjectSection
EndProject
Project("{8BC9CEB8-8B4A-11D0-8D11-00A0C91BC942}") = "test-azurekms", "src\libmongoc\test-azurekms.vcxproj", "{F973D7A7-6F64-3C32-A373-DE905D93E9CD}"
	ProjectSection(ProjectDependencies) = postProject
		{E3B4350C-8543-3832-8893-B504EBFD5FBD} = {E3B4350C-8543-3832-8893-B504EBFD5FBD}
		{829A916B-79F4-3513-9ECA-1FF25C9E1DBC} = {829A916B-79F4-3513-9ECA-1FF25C9E1DBC}
		{60019D6F-B7E5-3A02-A590-1E77201AAD6F} = {60019D6F-B7E5-3A02-A590-1E77201AAD6F}
	EndProjectSection
EndProject
Project("{8BC9CEB8-8B4A-11D0-8D11-00A0C91BC942}") = "test-gcpkms", "src\libmongoc\test-gcpkms.vcxproj", "{5E1BA10B-5BFD-3146-ADC2-80F934D14F57}"
	ProjectSection(ProjectDependencies) = postProject
		{E3B4350C-8543-3832-8893-B504EBFD5FBD} = {E3B4350C-8543-3832-8893-B504EBFD5FBD}
		{829A916B-79F4-3513-9ECA-1FF25C9E1DBC} = {829A916B-79F4-3513-9ECA-1FF25C9E1DBC}
		{60019D6F-B7E5-3A02-A590-1E77201AAD6F} = {60019D6F-B7E5-3A02-A590-1E77201AAD6F}
	EndProjectSection
EndProject
Project("{8BC9CEB8-8B4A-11D0-8D11-00A0C91BC942}") = "test-libmongoc", "src\libmongoc\test-libmongoc.vcxproj", "{8E8A72C8-633E-3329-A104-423B7B54669A}"
	ProjectSection(ProjectDependencies) = postProject
		{E3B4350C-8543-3832-8893-B504EBFD5FBD} = {E3B4350C-8543-3832-8893-B504EBFD5FBD}
		{829A916B-79F4-3513-9ECA-1FF25C9E1DBC} = {829A916B-79F4-3513-9ECA-1FF25C9E1DBC}
		{60019D6F-B7E5-3A02-A590-1E77201AAD6F} = {60019D6F-B7E5-3A02-A590-1E77201AAD6F}
		{A655A9CF-F134-3546-8067-31951938C24B} = {A655A9CF-F134-3546-8067-31951938C24B}
	EndProjectSection
EndProject
Project("{8BC9CEB8-8B4A-11D0-8D11-00A0C91BC942}") = "test-libmongoc-lib", "src\libmongoc\test-libmongoc-lib.vcxproj", "{A655A9CF-F134-3546-8067-31951938C24B}"
	ProjectSection(ProjectDependencies) = postProject
		{E3B4350C-8543-3832-8893-B504EBFD5FBD} = {E3B4350C-8543-3832-8893-B504EBFD5FBD}
		{829A916B-79F4-3513-9ECA-1FF25C9E1DBC} = {829A916B-79F4-3513-9ECA-1FF25C9E1DBC}
		{60019D6F-B7E5-3A02-A590-1E77201AAD6F} = {60019D6F-B7E5-3A02-A590-1E77201AAD6F}
	EndProjectSection
EndProject
Project("{8BC9CEB8-8B4A-11D0-8D11-00A0C91BC942}") = "test-mongoc-cache", "src\libmongoc\test-mongoc-cache.vcxproj", "{14DEDD9B-53DF-33F0-9E6E-57DC86C1FD9E}"
	ProjectSection(ProjectDependencies) = postProject
		{E3B4350C-8543-3832-8893-B504EBFD5FBD} = {E3B4350C-8543-3832-8893-B504EBFD5FBD}
		{829A916B-79F4-3513-9ECA-1FF25C9E1DBC} = {829A916B-79F4-3513-9ECA-1FF25C9E1DBC}
		{60019D6F-B7E5-3A02-A590-1E77201AAD6F} = {60019D6F-B7E5-3A02-A590-1E77201AAD6F}
	EndProjectSection
EndProject
Project("{8BC9CEB8-8B4A-11D0-8D11-00A0C91BC942}") = "test-mongoc-gssapi", "src\libmongoc\test-mongoc-gssapi.vcxproj", "{52118DA8-D5AE-3F7C-87AE-FA8C5F423623}"
	ProjectSection(ProjectDependencies) = postProject
		{E3B4350C-8543-3832-8893-B504EBFD5FBD} = {E3B4350C-8543-3832-8893-B504EBFD5FBD}
		{829A916B-79F4-3513-9ECA-1FF25C9E1DBC} = {829A916B-79F4-3513-9ECA-1FF25C9E1DBC}
		{60019D6F-B7E5-3A02-A590-1E77201AAD6F} = {60019D6F-B7E5-3A02-A590-1E77201AAD6F}
	EndProjectSection
EndProject
Project("{8BC9CEB8-8B4A-11D0-8D11-00A0C91BC942}") = "uninstall", "uninstall.vcxproj", "{768AD729-78C7-35C7-A854-372B6C4C7D60}"
	ProjectSection(ProjectDependencies) = postProject
		{E3B4350C-8543-3832-8893-B504EBFD5FBD} = {E3B4350C-8543-3832-8893-B504EBFD5FBD}
	EndProjectSection
EndProject
Project("{8BC9CEB8-8B4A-11D0-8D11-00A0C91BC942}") = "utf8proc_obj", "src\libmongoc\utf8proc_obj.vcxproj", "{BF93DE0C-044D-3EDE-A322-02BADD4A4F8E}"
	ProjectSection(ProjectDependencies) = postProject
		{E3B4350C-8543-3832-8893-B504EBFD5FBD} = {E3B4350C-8543-3832-8893-B504EBFD5FBD}
	EndProjectSection
EndProject
Project("{8BC9CEB8-8B4A-11D0-8D11-00A0C91BC942}") = "zlib_obj", "src\libmongoc\zlib_obj.vcxproj", "{D416B35A-A2A7-36D5-B8B4-1B3126C6A9B5}"
	ProjectSection(ProjectDependencies) = postProject
		{E3B4350C-8543-3832-8893-B504EBFD5FBD} = {E3B4350C-8543-3832-8893-B504EBFD5FBD}
	EndProjectSection
EndProject
Global
	GlobalSection(SolutionConfigurationPlatforms) = preSolution
		Debug|x64 = Debug|x64
		Release|x64 = Release|x64
		MinSizeRel|x64 = MinSizeRel|x64
		RelWithDebInfo|x64 = RelWithDebInfo|x64
	EndGlobalSection
	GlobalSection(ProjectConfigurationPlatforms) = postSolution
		{43DA545A-0969-325F-81F0-DED618741B79}.Debug|x64.ActiveCfg = Debug|x64
		{43DA545A-0969-325F-81F0-DED618741B79}.Debug|x64.Build.0 = Debug|x64
		{43DA545A-0969-325F-81F0-DED618741B79}.Release|x64.ActiveCfg = Release|x64
		{43DA545A-0969-325F-81F0-DED618741B79}.Release|x64.Build.0 = Release|x64
		{43DA545A-0969-325F-81F0-DED618741B79}.MinSizeRel|x64.ActiveCfg = MinSizeRel|x64
		{43DA545A-0969-325F-81F0-DED618741B79}.MinSizeRel|x64.Build.0 = MinSizeRel|x64
		{43DA545A-0969-325F-81F0-DED618741B79}.RelWithDebInfo|x64.ActiveCfg = RelWithDebInfo|x64
		{43DA545A-0969-325F-81F0-DED618741B79}.RelWithDebInfo|x64.Build.0 = RelWithDebInfo|x64
		{E5C840C3-D324-3757-834B-DDC3C630EF11}.Debug|x64.ActiveCfg = Debug|x64
		{E5C840C3-D324-3757-834B-DDC3C630EF11}.Release|x64.ActiveCfg = Release|x64
		{E5C840C3-D324-3757-834B-DDC3C630EF11}.MinSizeRel|x64.ActiveCfg = MinSizeRel|x64
		{E5C840C3-D324-3757-834B-DDC3C630EF11}.RelWithDebInfo|x64.ActiveCfg = RelWithDebInfo|x64
		{BE451127-22F8-3A8A-B5B1-BD32D21ADFC2}.Debug|x64.ActiveCfg = Debug|x64
		{BE451127-22F8-3A8A-B5B1-BD32D21ADFC2}.Release|x64.ActiveCfg = Release|x64
		{BE451127-22F8-3A8A-B5B1-BD32D21ADFC2}.MinSizeRel|x64.ActiveCfg = MinSizeRel|x64
		{BE451127-22F8-3A8A-B5B1-BD32D21ADFC2}.RelWithDebInfo|x64.ActiveCfg = RelWithDebInfo|x64
		{F370CCC3-F9A1-3858-A301-555B9011A221}.Debug|x64.ActiveCfg = Debug|x64
		{F370CCC3-F9A1-3858-A301-555B9011A221}.Release|x64.ActiveCfg = Release|x64
		{F370CCC3-F9A1-3858-A301-555B9011A221}.MinSizeRel|x64.ActiveCfg = MinSizeRel|x64
		{F370CCC3-F9A1-3858-A301-555B9011A221}.RelWithDebInfo|x64.ActiveCfg = RelWithDebInfo|x64
		{51112827-B2F3-3815-9B99-568D771FCA18}.Debug|x64.ActiveCfg = Debug|x64
		{51112827-B2F3-3815-9B99-568D771FCA18}.Release|x64.ActiveCfg = Release|x64
		{51112827-B2F3-3815-9B99-568D771FCA18}.MinSizeRel|x64.ActiveCfg = MinSizeRel|x64
		{51112827-B2F3-3815-9B99-568D771FCA18}.RelWithDebInfo|x64.ActiveCfg = RelWithDebInfo|x64
		{B78E5E50-6C35-39E1-A022-F2BE4CE701C1}.Debug|x64.ActiveCfg = Debug|x64
		{B78E5E50-6C35-39E1-A022-F2BE4CE701C1}.Release|x64.ActiveCfg = Release|x64
		{B78E5E50-6C35-39E1-A022-F2BE4CE701C1}.MinSizeRel|x64.ActiveCfg = MinSizeRel|x64
		{B78E5E50-6C35-39E1-A022-F2BE4CE701C1}.RelWithDebInfo|x64.ActiveCfg = RelWithDebInfo|x64
		{9342FE1F-23F8-3077-8A47-87D0B24C5869}.Debug|x64.ActiveCfg = Debug|x64
		{9342FE1F-23F8-3077-8A47-87D0B24C5869}.Release|x64.ActiveCfg = Release|x64
		{9342FE1F-23F8-3077-8A47-87D0B24C5869}.MinSizeRel|x64.ActiveCfg = MinSizeRel|x64
		{9342FE1F-23F8-3077-8A47-87D0B24C5869}.RelWithDebInfo|x64.ActiveCfg = RelWithDebInfo|x64
		{BE315D46-3E93-3EAC-9B52-FFCC2E3FCE3A}.Debug|x64.ActiveCfg = Debug|x64
		{BE315D46-3E93-3EAC-9B52-FFCC2E3FCE3A}.Release|x64.ActiveCfg = Release|x64
		{BE315D46-3E93-3EAC-9B52-FFCC2E3FCE3A}.MinSizeRel|x64.ActiveCfg = MinSizeRel|x64
		{BE315D46-3E93-3EAC-9B52-FFCC2E3FCE3A}.RelWithDebInfo|x64.ActiveCfg = RelWithDebInfo|x64
		{E3B4350C-8543-3832-8893-B504EBFD5FBD}.Debug|x64.ActiveCfg = Debug|x64
		{E3B4350C-8543-3832-8893-B504EBFD5FBD}.Debug|x64.Build.0 = Debug|x64
		{E3B4350C-8543-3832-8893-B504EBFD5FBD}.Release|x64.ActiveCfg = Release|x64
		{E3B4350C-8543-3832-8893-B504EBFD5FBD}.Release|x64.Build.0 = Release|x64
		{E3B4350C-8543-3832-8893-B504EBFD5FBD}.MinSizeRel|x64.ActiveCfg = MinSizeRel|x64
		{E3B4350C-8543-3832-8893-B504EBFD5FBD}.MinSizeRel|x64.Build.0 = MinSizeRel|x64
		{E3B4350C-8543-3832-8893-B504EBFD5FBD}.RelWithDebInfo|x64.ActiveCfg = RelWithDebInfo|x64
		{E3B4350C-8543-3832-8893-B504EBFD5FBD}.RelWithDebInfo|x64.Build.0 = RelWithDebInfo|x64
		{B578BDC8-AD24-372A-A8FA-1A721835F235}.Debug|x64.ActiveCfg = Debug|x64
		{B578BDC8-AD24-372A-A8FA-1A721835F235}.Debug|x64.Build.0 = Debug|x64
		{B578BDC8-AD24-372A-A8FA-1A721835F235}.Release|x64.ActiveCfg = Release|x64
		{B578BDC8-AD24-372A-A8FA-1A721835F235}.Release|x64.Build.0 = Release|x64
		{B578BDC8-AD24-372A-A8FA-1A721835F235}.MinSizeRel|x64.ActiveCfg = MinSizeRel|x64
		{B578BDC8-AD24-372A-A8FA-1A721835F235}.MinSizeRel|x64.Build.0 = MinSizeRel|x64
		{B578BDC8-AD24-372A-A8FA-1A721835F235}.RelWithDebInfo|x64.ActiveCfg = RelWithDebInfo|x64
		{B578BDC8-AD24-372A-A8FA-1A721835F235}.RelWithDebInfo|x64.Build.0 = RelWithDebInfo|x64
		{D873ABE0-98A2-3775-A083-0E3C3E2F2C2E}.Debug|x64.ActiveCfg = Debug|x64
		{D873ABE0-98A2-3775-A083-0E3C3E2F2C2E}.Debug|x64.Build.0 = Debug|x64
		{D873ABE0-98A2-3775-A083-0E3C3E2F2C2E}.Release|x64.ActiveCfg = Release|x64
		{D873ABE0-98A2-3775-A083-0E3C3E2F2C2E}.Release|x64.Build.0 = Release|x64
		{D873ABE0-98A2-3775-A083-0E3C3E2F2C2E}.MinSizeRel|x64.ActiveCfg = MinSizeRel|x64
		{D873ABE0-98A2-3775-A083-0E3C3E2F2C2E}.MinSizeRel|x64.Build.0 = MinSizeRel|x64
		{D873ABE0-98A2-3775-A083-0E3C3E2F2C2E}.RelWithDebInfo|x64.ActiveCfg = RelWithDebInfo|x64
		{D873ABE0-98A2-3775-A083-0E3C3E2F2C2E}.RelWithDebInfo|x64.Build.0 = RelWithDebInfo|x64
		{D995A06F-F004-3196-83FA-16C2466E5AF2}.Debug|x64.ActiveCfg = Debug|x64
		{D995A06F-F004-3196-83FA-16C2466E5AF2}.Debug|x64.Build.0 = Debug|x64
		{D995A06F-F004-3196-83FA-16C2466E5AF2}.Release|x64.ActiveCfg = Release|x64
		{D995A06F-F004-3196-83FA-16C2466E5AF2}.Release|x64.Build.0 = Release|x64
		{D995A06F-F004-3196-83FA-16C2466E5AF2}.MinSizeRel|x64.ActiveCfg = MinSizeRel|x64
		{D995A06F-F004-3196-83FA-16C2466E5AF2}.MinSizeRel|x64.Build.0 = MinSizeRel|x64
		{D995A06F-F004-3196-83FA-16C2466E5AF2}.RelWithDebInfo|x64.ActiveCfg = RelWithDebInfo|x64
		{D995A06F-F004-3196-83FA-16C2466E5AF2}.RelWithDebInfo|x64.Build.0 = RelWithDebInfo|x64
		{60E543A9-EC20-338C-BEB2-3424BE0383BE}.Debug|x64.ActiveCfg = Debug|x64
		{60E543A9-EC20-338C-BEB2-3424BE0383BE}.Debug|x64.Build.0 = Debug|x64
		{60E543A9-EC20-338C-BEB2-3424BE0383BE}.Release|x64.ActiveCfg = Release|x64
		{60E543A9-EC20-338C-BEB2-3424BE0383BE}.Release|x64.Build.0 = Release|x64
		{60E543A9-EC20-338C-BEB2-3424BE0383BE}.MinSizeRel|x64.ActiveCfg = MinSizeRel|x64
		{60E543A9-EC20-338C-BEB2-3424BE0383BE}.MinSizeRel|x64.Build.0 = MinSizeRel|x64
		{60E543A9-EC20-338C-BEB2-3424BE0383BE}.RelWithDebInfo|x64.ActiveCfg = RelWithDebInfo|x64
		{60E543A9-EC20-338C-BEB2-3424BE0383BE}.RelWithDebInfo|x64.Build.0 = RelWithDebInfo|x64
		{B102D845-DDDD-30A6-AC14-7F582D2A3D95}.Debug|x64.ActiveCfg = Debug|x64
		{B102D845-DDDD-30A6-AC14-7F582D2A3D95}.Debug|x64.Build.0 = Debug|x64
		{B102D845-DDDD-30A6-AC14-7F582D2A3D95}.Release|x64.ActiveCfg = Release|x64
		{B102D845-DDDD-30A6-AC14-7F582D2A3D95}.Release|x64.Build.0 = Release|x64
		{B102D845-DDDD-30A6-AC14-7F582D2A3D95}.MinSizeRel|x64.ActiveCfg = MinSizeRel|x64
		{B102D845-DDDD-30A6-AC14-7F582D2A3D95}.MinSizeRel|x64.Build.0 = MinSizeRel|x64
		{B102D845-DDDD-30A6-AC14-7F582D2A3D95}.RelWithDebInfo|x64.ActiveCfg = RelWithDebInfo|x64
		{B102D845-DDDD-30A6-AC14-7F582D2A3D95}.RelWithDebInfo|x64.Build.0 = RelWithDebInfo|x64
		{52CBBE7A-2AFA-3433-BF9E-C4E9545353DE}.Debug|x64.ActiveCfg = Debug|x64
		{52CBBE7A-2AFA-3433-BF9E-C4E9545353DE}.Debug|x64.Build.0 = Debug|x64
		{52CBBE7A-2AFA-3433-BF9E-C4E9545353DE}.Release|x64.ActiveCfg = Release|x64
		{52CBBE7A-2AFA-3433-BF9E-C4E9545353DE}.Release|x64.Build.0 = Release|x64
		{52CBBE7A-2AFA-3433-BF9E-C4E9545353DE}.MinSizeRel|x64.ActiveCfg = MinSizeRel|x64
		{52CBBE7A-2AFA-3433-BF9E-C4E9545353DE}.MinSizeRel|x64.Build.0 = MinSizeRel|x64
		{52CBBE7A-2AFA-3433-BF9E-C4E9545353DE}.RelWithDebInfo|x64.ActiveCfg = RelWithDebInfo|x64
		{52CBBE7A-2AFA-3433-BF9E-C4E9545353DE}.RelWithDebInfo|x64.Build.0 = RelWithDebInfo|x64
		{462AB1D4-34C8-3552-8BF0-B82F985DEC73}.Debug|x64.ActiveCfg = Debug|x64
		{462AB1D4-34C8-3552-8BF0-B82F985DEC73}.Debug|x64.Build.0 = Debug|x64
		{462AB1D4-34C8-3552-8BF0-B82F985DEC73}.Release|x64.ActiveCfg = Release|x64
		{462AB1D4-34C8-3552-8BF0-B82F985DEC73}.Release|x64.Build.0 = Release|x64
		{462AB1D4-34C8-3552-8BF0-B82F985DEC73}.MinSizeRel|x64.ActiveCfg = MinSizeRel|x64
		{462AB1D4-34C8-3552-8BF0-B82F985DEC73}.MinSizeRel|x64.Build.0 = MinSizeRel|x64
		{462AB1D4-34C8-3552-8BF0-B82F985DEC73}.RelWithDebInfo|x64.ActiveCfg = RelWithDebInfo|x64
		{462AB1D4-34C8-3552-8BF0-B82F985DEC73}.RelWithDebInfo|x64.Build.0 = RelWithDebInfo|x64
		{24B0DA73-9D09-3C88-B413-44BE89E0C006}.Debug|x64.ActiveCfg = Debug|x64
		{24B0DA73-9D09-3C88-B413-44BE89E0C006}.Debug|x64.Build.0 = Debug|x64
		{24B0DA73-9D09-3C88-B413-44BE89E0C006}.Release|x64.ActiveCfg = Release|x64
		{24B0DA73-9D09-3C88-B413-44BE89E0C006}.Release|x64.Build.0 = Release|x64
		{24B0DA73-9D09-3C88-B413-44BE89E0C006}.MinSizeRel|x64.ActiveCfg = MinSizeRel|x64
		{24B0DA73-9D09-3C88-B413-44BE89E0C006}.MinSizeRel|x64.Build.0 = MinSizeRel|x64
		{24B0DA73-9D09-3C88-B413-44BE89E0C006}.RelWithDebInfo|x64.ActiveCfg = RelWithDebInfo|x64
		{24B0DA73-9D09-3C88-B413-44BE89E0C006}.RelWithDebInfo|x64.Build.0 = RelWithDebInfo|x64
		{E9577559-43BB-3FC6-B836-FE03898266A6}.Debug|x64.ActiveCfg = Debug|x64
		{E9577559-43BB-3FC6-B836-FE03898266A6}.Debug|x64.Build.0 = Debug|x64
		{E9577559-43BB-3FC6-B836-FE03898266A6}.Release|x64.ActiveCfg = Release|x64
		{E9577559-43BB-3FC6-B836-FE03898266A6}.Release|x64.Build.0 = Release|x64
		{E9577559-43BB-3FC6-B836-FE03898266A6}.MinSizeRel|x64.ActiveCfg = MinSizeRel|x64
		{E9577559-43BB-3FC6-B836-FE03898266A6}.MinSizeRel|x64.Build.0 = MinSizeRel|x64
		{E9577559-43BB-3FC6-B836-FE03898266A6}.RelWithDebInfo|x64.ActiveCfg = RelWithDebInfo|x64
		{E9577559-43BB-3FC6-B836-FE03898266A6}.RelWithDebInfo|x64.Build.0 = RelWithDebInfo|x64
		{8823F9D9-3B5B-3BFE-9001-23D65C368B1E}.Debug|x64.ActiveCfg = Debug|x64
		{8823F9D9-3B5B-3BFE-9001-23D65C368B1E}.Debug|x64.Build.0 = Debug|x64
		{8823F9D9-3B5B-3BFE-9001-23D65C368B1E}.Release|x64.ActiveCfg = Release|x64
		{8823F9D9-3B5B-3BFE-9001-23D65C368B1E}.Release|x64.Build.0 = Release|x64
		{8823F9D9-3B5B-3BFE-9001-23D65C368B1E}.MinSizeRel|x64.ActiveCfg = MinSizeRel|x64
		{8823F9D9-3B5B-3BFE-9001-23D65C368B1E}.MinSizeRel|x64.Build.0 = MinSizeRel|x64
		{8823F9D9-3B5B-3BFE-9001-23D65C368B1E}.RelWithDebInfo|x64.ActiveCfg = RelWithDebInfo|x64
		{8823F9D9-3B5B-3BFE-9001-23D65C368B1E}.RelWithDebInfo|x64.Build.0 = RelWithDebInfo|x64
		{829A916B-79F4-3513-9ECA-1FF25C9E1DBC}.Debug|x64.ActiveCfg = Debug|x64
		{829A916B-79F4-3513-9ECA-1FF25C9E1DBC}.Debug|x64.Build.0 = Debug|x64
		{829A916B-79F4-3513-9ECA-1FF25C9E1DBC}.Release|x64.ActiveCfg = Release|x64
		{829A916B-79F4-3513-9ECA-1FF25C9E1DBC}.Release|x64.Build.0 = Release|x64
		{829A916B-79F4-3513-9ECA-1FF25C9E1DBC}.MinSizeRel|x64.ActiveCfg = MinSizeRel|x64
		{829A916B-79F4-3513-9ECA-1FF25C9E1DBC}.MinSizeRel|x64.Build.0 = MinSizeRel|x64
		{829A916B-79F4-3513-9ECA-1FF25C9E1DBC}.RelWithDebInfo|x64.ActiveCfg = RelWithDebInfo|x64
		{829A916B-79F4-3513-9ECA-1FF25C9E1DBC}.RelWithDebInfo|x64.Build.0 = RelWithDebInfo|x64
		{55E3015A-09FC-3E1B-B48E-EBE66106A033}.Debug|x64.ActiveCfg = Debug|x64
		{55E3015A-09FC-3E1B-B48E-EBE66106A033}.Debug|x64.Build.0 = Debug|x64
		{55E3015A-09FC-3E1B-B48E-EBE66106A033}.Release|x64.ActiveCfg = Release|x64
		{55E3015A-09FC-3E1B-B48E-EBE66106A033}.Release|x64.Build.0 = Release|x64
		{55E3015A-09FC-3E1B-B48E-EBE66106A033}.MinSizeRel|x64.ActiveCfg = MinSizeRel|x64
		{55E3015A-09FC-3E1B-B48E-EBE66106A033}.MinSizeRel|x64.Build.0 = MinSizeRel|x64
		{55E3015A-09FC-3E1B-B48E-EBE66106A033}.RelWithDebInfo|x64.ActiveCfg = RelWithDebInfo|x64
		{55E3015A-09FC-3E1B-B48E-EBE66106A033}.RelWithDebInfo|x64.Build.0 = RelWithDebInfo|x64
		{B14DD1B3-4838-325B-9821-B54616B5C232}.Debug|x64.ActiveCfg = Debug|x64
		{B14DD1B3-4838-325B-9821-B54616B5C232}.Debug|x64.Build.0 = Debug|x64
		{B14DD1B3-4838-325B-9821-B54616B5C232}.Release|x64.ActiveCfg = Release|x64
		{B14DD1B3-4838-325B-9821-B54616B5C232}.Release|x64.Build.0 = Release|x64
		{B14DD1B3-4838-325B-9821-B54616B5C232}.MinSizeRel|x64.ActiveCfg = MinSizeRel|x64
		{B14DD1B3-4838-325B-9821-B54616B5C232}.MinSizeRel|x64.Build.0 = MinSizeRel|x64
		{B14DD1B3-4838-325B-9821-B54616B5C232}.RelWithDebInfo|x64.ActiveCfg = RelWithDebInfo|x64
		{B14DD1B3-4838-325B-9821-B54616B5C232}.RelWithDebInfo|x64.Build.0 = RelWithDebInfo|x64
		{405C6763-D77B-3DA9-9260-D4011183CF8D}.Debug|x64.ActiveCfg = Debug|x64
		{405C6763-D77B-3DA9-9260-D4011183CF8D}.Debug|x64.Build.0 = Debug|x64
		{405C6763-D77B-3DA9-9260-D4011183CF8D}.Release|x64.ActiveCfg = Release|x64
		{405C6763-D77B-3DA9-9260-D4011183CF8D}.Release|x64.Build.0 = Release|x64
		{405C6763-D77B-3DA9-9260-D4011183CF8D}.MinSizeRel|x64.ActiveCfg = MinSizeRel|x64
		{405C6763-D77B-3DA9-9260-D4011183CF8D}.MinSizeRel|x64.Build.0 = MinSizeRel|x64
		{405C6763-D77B-3DA9-9260-D4011183CF8D}.RelWithDebInfo|x64.ActiveCfg = RelWithDebInfo|x64
		{405C6763-D77B-3DA9-9260-D4011183CF8D}.RelWithDebInfo|x64.Build.0 = RelWithDebInfo|x64
		{19A16811-89F7-3350-B327-72099A89A7D6}.Debug|x64.ActiveCfg = Debug|x64
		{19A16811-89F7-3350-B327-72099A89A7D6}.Debug|x64.Build.0 = Debug|x64
		{19A16811-89F7-3350-B327-72099A89A7D6}.Release|x64.ActiveCfg = Release|x64
		{19A16811-89F7-3350-B327-72099A89A7D6}.Release|x64.Build.0 = Release|x64
		{19A16811-89F7-3350-B327-72099A89A7D6}.MinSizeRel|x64.ActiveCfg = MinSizeRel|x64
		{19A16811-89F7-3350-B327-72099A89A7D6}.MinSizeRel|x64.Build.0 = MinSizeRel|x64
		{19A16811-89F7-3350-B327-72099A89A7D6}.RelWithDebInfo|x64.ActiveCfg = RelWithDebInfo|x64
		{19A16811-89F7-3350-B327-72099A89A7D6}.RelWithDebInfo|x64.Build.0 = RelWithDebInfo|x64
		{12608C63-9855-3463-AAA0-1D0D36152EB0}.Debug|x64.ActiveCfg = Debug|x64
		{12608C63-9855-3463-AAA0-1D0D36152EB0}.Debug|x64.Build.0 = Debug|x64
		{12608C63-9855-3463-AAA0-1D0D36152EB0}.Release|x64.ActiveCfg = Release|x64
		{12608C63-9855-3463-AAA0-1D0D36152EB0}.Release|x64.Build.0 = Release|x64
		{12608C63-9855-3463-AAA0-1D0D36152EB0}.MinSizeRel|x64.ActiveCfg = MinSizeRel|x64
		{12608C63-9855-3463-AAA0-1D0D36152EB0}.MinSizeRel|x64.Build.0 = MinSizeRel|x64
		{12608C63-9855-3463-AAA0-1D0D36152EB0}.RelWithDebInfo|x64.ActiveCfg = RelWithDebInfo|x64
		{12608C63-9855-3463-AAA0-1D0D36152EB0}.RelWithDebInfo|x64.Build.0 = RelWithDebInfo|x64
		{53F7DD0D-EB61-3825-A550-C9351BDBCA38}.Debug|x64.ActiveCfg = Debug|x64
		{53F7DD0D-EB61-3825-A550-C9351BDBCA38}.Debug|x64.Build.0 = Debug|x64
		{53F7DD0D-EB61-3825-A550-C9351BDBCA38}.Release|x64.ActiveCfg = Release|x64
		{53F7DD0D-EB61-3825-A550-C9351BDBCA38}.Release|x64.Build.0 = Release|x64
		{53F7DD0D-EB61-3825-A550-C9351BDBCA38}.MinSizeRel|x64.ActiveCfg = MinSizeRel|x64
		{53F7DD0D-EB61-3825-A550-C9351BDBCA38}.MinSizeRel|x64.Build.0 = MinSizeRel|x64
		{53F7DD0D-EB61-3825-A550-C9351BDBCA38}.RelWithDebInfo|x64.ActiveCfg = RelWithDebInfo|x64
		{53F7DD0D-EB61-3825-A550-C9351BDBCA38}.RelWithDebInfo|x64.Build.0 = RelWithDebInfo|x64
		{A37AF155-9D16-32DE-84F0-4475F06B3CE7}.Debug|x64.ActiveCfg = Debug|x64
		{A37AF155-9D16-32DE-84F0-4475F06B3CE7}.Debug|x64.Build.0 = Debug|x64
		{A37AF155-9D16-32DE-84F0-4475F06B3CE7}.Release|x64.ActiveCfg = Release|x64
		{A37AF155-9D16-32DE-84F0-4475F06B3CE7}.Release|x64.Build.0 = Release|x64
		{A37AF155-9D16-32DE-84F0-4475F06B3CE7}.MinSizeRel|x64.ActiveCfg = MinSizeRel|x64
		{A37AF155-9D16-32DE-84F0-4475F06B3CE7}.MinSizeRel|x64.Build.0 = MinSizeRel|x64
		{A37AF155-9D16-32DE-84F0-4475F06B3CE7}.RelWithDebInfo|x64.ActiveCfg = RelWithDebInfo|x64
		{A37AF155-9D16-32DE-84F0-4475F06B3CE7}.RelWithDebInfo|x64.Build.0 = RelWithDebInfo|x64
		{148C306B-AF09-3882-AB8F-55C19A6E8AD1}.Debug|x64.ActiveCfg = Debug|x64
		{148C306B-AF09-3882-AB8F-55C19A6E8AD1}.Release|x64.ActiveCfg = Release|x64
		{148C306B-AF09-3882-AB8F-55C19A6E8AD1}.MinSizeRel|x64.ActiveCfg = MinSizeRel|x64
		{148C306B-AF09-3882-AB8F-55C19A6E8AD1}.RelWithDebInfo|x64.ActiveCfg = RelWithDebInfo|x64
		{5DAB3CDC-59D2-3649-8604-0E058EF6010D}.Debug|x64.ActiveCfg = Debug|x64
		{5DAB3CDC-59D2-3649-8604-0E058EF6010D}.Debug|x64.Build.0 = Debug|x64
		{5DAB3CDC-59D2-3649-8604-0E058EF6010D}.Release|x64.ActiveCfg = Release|x64
		{5DAB3CDC-59D2-3649-8604-0E058EF6010D}.Release|x64.Build.0 = Release|x64
		{5DAB3CDC-59D2-3649-8604-0E058EF6010D}.MinSizeRel|x64.ActiveCfg = MinSizeRel|x64
		{5DAB3CDC-59D2-3649-8604-0E058EF6010D}.MinSizeRel|x64.Build.0 = MinSizeRel|x64
		{5DAB3CDC-59D2-3649-8604-0E058EF6010D}.RelWithDebInfo|x64.ActiveCfg = RelWithDebInfo|x64
		{5DAB3CDC-59D2-3649-8604-0E058EF6010D}.RelWithDebInfo|x64.Build.0 = RelWithDebInfo|x64
		{56EDACD6-80F9-3C52-9C84-E447AD95672B}.Debug|x64.ActiveCfg = Debug|x64
		{56EDACD6-80F9-3C52-9C84-E447AD95672B}.Debug|x64.Build.0 = Debug|x64
		{56EDACD6-80F9-3C52-9C84-E447AD95672B}.Release|x64.ActiveCfg = Release|x64
		{56EDACD6-80F9-3C52-9C84-E447AD95672B}.Release|x64.Build.0 = Release|x64
		{56EDACD6-80F9-3C52-9C84-E447AD95672B}.MinSizeRel|x64.ActiveCfg = MinSizeRel|x64
		{56EDACD6-80F9-3C52-9C84-E447AD95672B}.MinSizeRel|x64.Build.0 = MinSizeRel|x64
		{56EDACD6-80F9-3C52-9C84-E447AD95672B}.RelWithDebInfo|x64.ActiveCfg = RelWithDebInfo|x64
		{56EDACD6-80F9-3C52-9C84-E447AD95672B}.RelWithDebInfo|x64.Build.0 = RelWithDebInfo|x64
		{6780A77C-55B7-3B19-842D-CFB9EA17FC39}.Debug|x64.ActiveCfg = Debug|x64
		{6780A77C-55B7-3B19-842D-CFB9EA17FC39}.Debug|x64.Build.0 = Debug|x64
		{6780A77C-55B7-3B19-842D-CFB9EA17FC39}.Release|x64.ActiveCfg = Release|x64
		{6780A77C-55B7-3B19-842D-CFB9EA17FC39}.Release|x64.Build.0 = Release|x64
		{6780A77C-55B7-3B19-842D-CFB9EA17FC39}.MinSizeRel|x64.ActiveCfg = MinSizeRel|x64
		{6780A77C-55B7-3B19-842D-CFB9EA17FC39}.MinSizeRel|x64.Build.0 = MinSizeRel|x64
		{6780A77C-55B7-3B19-842D-CFB9EA17FC39}.RelWithDebInfo|x64.ActiveCfg = RelWithDebInfo|x64
		{6780A77C-55B7-3B19-842D-CFB9EA17FC39}.RelWithDebInfo|x64.Build.0 = RelWithDebInfo|x64
		{9ED35DC4-C779-39DC-9509-E46F2E254983}.Debug|x64.ActiveCfg = Debug|x64
		{9ED35DC4-C779-39DC-9509-E46F2E254983}.Debug|x64.Build.0 = Debug|x64
		{9ED35DC4-C779-39DC-9509-E46F2E254983}.Release|x64.ActiveCfg = Release|x64
		{9ED35DC4-C779-39DC-9509-E46F2E254983}.Release|x64.Build.0 = Release|x64
		{9ED35DC4-C779-39DC-9509-E46F2E254983}.MinSizeRel|x64.ActiveCfg = MinSizeRel|x64
		{9ED35DC4-C779-39DC-9509-E46F2E254983}.MinSizeRel|x64.Build.0 = MinSizeRel|x64
		{9ED35DC4-C779-39DC-9509-E46F2E254983}.RelWithDebInfo|x64.ActiveCfg = RelWithDebInfo|x64
		{9ED35DC4-C779-39DC-9509-E46F2E254983}.RelWithDebInfo|x64.Build.0 = RelWithDebInfo|x64
		{0B09B462-6AF7-303A-B6FF-47CC7870046D}.Debug|x64.ActiveCfg = Debug|x64
		{0B09B462-6AF7-303A-B6FF-47CC7870046D}.Debug|x64.Build.0 = Debug|x64
		{0B09B462-6AF7-303A-B6FF-47CC7870046D}.Release|x64.ActiveCfg = Release|x64
		{0B09B462-6AF7-303A-B6FF-47CC7870046D}.Release|x64.Build.0 = Release|x64
		{0B09B462-6AF7-303A-B6FF-47CC7870046D}.MinSizeRel|x64.ActiveCfg = MinSizeRel|x64
		{0B09B462-6AF7-303A-B6FF-47CC7870046D}.MinSizeRel|x64.Build.0 = MinSizeRel|x64
		{0B09B462-6AF7-303A-B6FF-47CC7870046D}.RelWithDebInfo|x64.ActiveCfg = RelWithDebInfo|x64
		{0B09B462-6AF7-303A-B6FF-47CC7870046D}.RelWithDebInfo|x64.Build.0 = RelWithDebInfo|x64
		{1DAE694E-5E39-3883-B8DD-AC4CD7DAC456}.Debug|x64.ActiveCfg = Debug|x64
		{1DAE694E-5E39-3883-B8DD-AC4CD7DAC456}.Debug|x64.Build.0 = Debug|x64
		{1DAE694E-5E39-3883-B8DD-AC4CD7DAC456}.Release|x64.ActiveCfg = Release|x64
		{1DAE694E-5E39-3883-B8DD-AC4CD7DAC456}.Release|x64.Build.0 = Release|x64
		{1DAE694E-5E39-3883-B8DD-AC4CD7DAC456}.MinSizeRel|x64.ActiveCfg = MinSizeRel|x64
		{1DAE694E-5E39-3883-B8DD-AC4CD7DAC456}.MinSizeRel|x64.Build.0 = MinSizeRel|x64
		{1DAE694E-5E39-3883-B8DD-AC4CD7DAC456}.RelWithDebInfo|x64.ActiveCfg = RelWithDebInfo|x64
		{1DAE694E-5E39-3883-B8DD-AC4CD7DAC456}.RelWithDebInfo|x64.Build.0 = RelWithDebInfo|x64
		{33A51D60-3C45-3229-A4E9-8F23399F9803}.Debug|x64.ActiveCfg = Debug|x64
		{33A51D60-3C45-3229-A4E9-8F23399F9803}.Debug|x64.Build.0 = Debug|x64
		{33A51D60-3C45-3229-A4E9-8F23399F9803}.Release|x64.ActiveCfg = Release|x64
		{33A51D60-3C45-3229-A4E9-8F23399F9803}.Release|x64.Build.0 = Release|x64
		{33A51D60-3C45-3229-A4E9-8F23399F9803}.MinSizeRel|x64.ActiveCfg = MinSizeRel|x64
		{33A51D60-3C45-3229-A4E9-8F23399F9803}.MinSizeRel|x64.Build.0 = MinSizeRel|x64
		{33A51D60-3C45-3229-A4E9-8F23399F9803}.RelWithDebInfo|x64.ActiveCfg = RelWithDebInfo|x64
		{33A51D60-3C45-3229-A4E9-8F23399F9803}.RelWithDebInfo|x64.Build.0 = RelWithDebInfo|x64
		{B965830B-C19A-3FDE-92AE-51FDA3774733}.Debug|x64.ActiveCfg = Debug|x64
		{B965830B-C19A-3FDE-92AE-51FDA3774733}.Debug|x64.Build.0 = Debug|x64
		{B965830B-C19A-3FDE-92AE-51FDA3774733}.Release|x64.ActiveCfg = Release|x64
		{B965830B-C19A-3FDE-92AE-51FDA3774733}.Release|x64.Build.0 = Release|x64
		{B965830B-C19A-3FDE-92AE-51FDA3774733}.MinSizeRel|x64.ActiveCfg = MinSizeRel|x64
		{B965830B-C19A-3FDE-92AE-51FDA3774733}.MinSizeRel|x64.Build.0 = MinSizeRel|x64
		{B965830B-C19A-3FDE-92AE-51FDA3774733}.RelWithDebInfo|x64.ActiveCfg = RelWithDebInfo|x64
		{B965830B-C19A-3FDE-92AE-51FDA3774733}.RelWithDebInfo|x64.Build.0 = RelWithDebInfo|x64
		{BC48874D-154C-3BD9-B1CD-35DD09CEA960}.Debug|x64.ActiveCfg = Debug|x64
		{BC48874D-154C-3BD9-B1CD-35DD09CEA960}.Debug|x64.Build.0 = Debug|x64
		{BC48874D-154C-3BD9-B1CD-35DD09CEA960}.Release|x64.ActiveCfg = Release|x64
		{BC48874D-154C-3BD9-B1CD-35DD09CEA960}.Release|x64.Build.0 = Release|x64
		{BC48874D-154C-3BD9-B1CD-35DD09CEA960}.MinSizeRel|x64.ActiveCfg = MinSizeRel|x64
		{BC48874D-154C-3BD9-B1CD-35DD09CEA960}.MinSizeRel|x64.Build.0 = MinSizeRel|x64
		{BC48874D-154C-3BD9-B1CD-35DD09CEA960}.RelWithDebInfo|x64.ActiveCfg = RelWithDebInfo|x64
		{BC48874D-154C-3BD9-B1CD-35DD09CEA960}.RelWithDebInfo|x64.Build.0 = RelWithDebInfo|x64
		{1BC23E46-1444-3440-BE8C-B563D9A0425D}.Debug|x64.ActiveCfg = Debug|x64
		{1BC23E46-1444-3440-BE8C-B563D9A0425D}.Debug|x64.Build.0 = Debug|x64
		{1BC23E46-1444-3440-BE8C-B563D9A0425D}.Release|x64.ActiveCfg = Release|x64
		{1BC23E46-1444-3440-BE8C-B563D9A0425D}.Release|x64.Build.0 = Release|x64
		{1BC23E46-1444-3440-BE8C-B563D9A0425D}.MinSizeRel|x64.ActiveCfg = MinSizeRel|x64
		{1BC23E46-1444-3440-BE8C-B563D9A0425D}.MinSizeRel|x64.Build.0 = MinSizeRel|x64
		{1BC23E46-1444-3440-BE8C-B563D9A0425D}.RelWithDebInfo|x64.ActiveCfg = RelWithDebInfo|x64
		{1BC23E46-1444-3440-BE8C-B563D9A0425D}.RelWithDebInfo|x64.Build.0 = RelWithDebInfo|x64
		{0C577C07-8A0C-3AB6-B6B5-BFDE25E1E890}.Debug|x64.ActiveCfg = Debug|x64
		{0C577C07-8A0C-3AB6-B6B5-BFDE25E1E890}.Debug|x64.Build.0 = Debug|x64
		{0C577C07-8A0C-3AB6-B6B5-BFDE25E1E890}.Release|x64.ActiveCfg = Release|x64
		{0C577C07-8A0C-3AB6-B6B5-BFDE25E1E890}.Release|x64.Build.0 = Release|x64
		{0C577C07-8A0C-3AB6-B6B5-BFDE25E1E890}.MinSizeRel|x64.ActiveCfg = MinSizeRel|x64
		{0C577C07-8A0C-3AB6-B6B5-BFDE25E1E890}.MinSizeRel|x64.Build.0 = MinSizeRel|x64
		{0C577C07-8A0C-3AB6-B6B5-BFDE25E1E890}.RelWithDebInfo|x64.ActiveCfg = RelWithDebInfo|x64
		{0C577C07-8A0C-3AB6-B6B5-BFDE25E1E890}.RelWithDebInfo|x64.Build.0 = RelWithDebInfo|x64
		{196E39B4-5E48-31E0-961D-4822FF24DC69}.Debug|x64.ActiveCfg = Debug|x64
		{196E39B4-5E48-31E0-961D-4822FF24DC69}.Debug|x64.Build.0 = Debug|x64
		{196E39B4-5E48-31E0-961D-4822FF24DC69}.Release|x64.ActiveCfg = Release|x64
		{196E39B4-5E48-31E0-961D-4822FF24DC69}.Release|x64.Build.0 = Release|x64
		{196E39B4-5E48-31E0-961D-4822FF24DC69}.MinSizeRel|x64.ActiveCfg = MinSizeRel|x64
		{196E39B4-5E48-31E0-961D-4822FF24DC69}.MinSizeRel|x64.Build.0 = MinSizeRel|x64
		{196E39B4-5E48-31E0-961D-4822FF24DC69}.RelWithDebInfo|x64.ActiveCfg = RelWithDebInfo|x64
		{196E39B4-5E48-31E0-961D-4822FF24DC69}.RelWithDebInfo|x64.Build.0 = RelWithDebInfo|x64
		{A3EADF50-92D7-33C2-8931-93BEEB876BB6}.Debug|x64.ActiveCfg = Debug|x64
		{A3EADF50-92D7-33C2-8931-93BEEB876BB6}.Debug|x64.Build.0 = Debug|x64
		{A3EADF50-92D7-33C2-8931-93BEEB876BB6}.Release|x64.ActiveCfg = Release|x64
		{A3EADF50-92D7-33C2-8931-93BEEB876BB6}.Release|x64.Build.0 = Release|x64
		{A3EADF50-92D7-33C2-8931-93BEEB876BB6}.MinSizeRel|x64.ActiveCfg = MinSizeRel|x64
		{A3EADF50-92D7-33C2-8931-93BEEB876BB6}.MinSizeRel|x64.Build.0 = MinSizeRel|x64
		{A3EADF50-92D7-33C2-8931-93BEEB876BB6}.RelWithDebInfo|x64.ActiveCfg = RelWithDebInfo|x64
		{A3EADF50-92D7-33C2-8931-93BEEB876BB6}.RelWithDebInfo|x64.Build.0 = RelWithDebInfo|x64
		{695DF9DA-2029-3C91-B207-841541E0C7FE}.Debug|x64.ActiveCfg = Debug|x64
		{695DF9DA-2029-3C91-B207-841541E0C7FE}.Debug|x64.Build.0 = Debug|x64
		{695DF9DA-2029-3C91-B207-841541E0C7FE}.Release|x64.ActiveCfg = Release|x64
		{695DF9DA-2029-3C91-B207-841541E0C7FE}.Release|x64.Build.0 = Release|x64
		{695DF9DA-2029-3C91-B207-841541E0C7FE}.MinSizeRel|x64.ActiveCfg = MinSizeRel|x64
		{695DF9DA-2029-3C91-B207-841541E0C7FE}.MinSizeRel|x64.Build.0 = MinSizeRel|x64
		{695DF9DA-2029-3C91-B207-841541E0C7FE}.RelWithDebInfo|x64.ActiveCfg = RelWithDebInfo|x64
		{695DF9DA-2029-3C91-B207-841541E0C7FE}.RelWithDebInfo|x64.Build.0 = RelWithDebInfo|x64
		{2627D1F9-0B00-3854-826C-EFB4564F2739}.Debug|x64.ActiveCfg = Debug|x64
		{2627D1F9-0B00-3854-826C-EFB4564F2739}.Debug|x64.Build.0 = Debug|x64
		{2627D1F9-0B00-3854-826C-EFB4564F2739}.Release|x64.ActiveCfg = Release|x64
		{2627D1F9-0B00-3854-826C-EFB4564F2739}.Release|x64.Build.0 = Release|x64
		{2627D1F9-0B00-3854-826C-EFB4564F2739}.MinSizeRel|x64.ActiveCfg = MinSizeRel|x64
		{2627D1F9-0B00-3854-826C-EFB4564F2739}.MinSizeRel|x64.Build.0 = MinSizeRel|x64
		{2627D1F9-0B00-3854-826C-EFB4564F2739}.RelWithDebInfo|x64.ActiveCfg = RelWithDebInfo|x64
		{2627D1F9-0B00-3854-826C-EFB4564F2739}.RelWithDebInfo|x64.Build.0 = RelWithDebInfo|x64
		{BDBAF50D-D13B-375D-9C61-F4C97C1DC42B}.Debug|x64.ActiveCfg = Debug|x64
		{BDBAF50D-D13B-375D-9C61-F4C97C1DC42B}.Debug|x64.Build.0 = Debug|x64
		{BDBAF50D-D13B-375D-9C61-F4C97C1DC42B}.Release|x64.ActiveCfg = Release|x64
		{BDBAF50D-D13B-375D-9C61-F4C97C1DC42B}.Release|x64.Build.0 = Release|x64
		{BDBAF50D-D13B-375D-9C61-F4C97C1DC42B}.MinSizeRel|x64.ActiveCfg = MinSizeRel|x64
		{BDBAF50D-D13B-375D-9C61-F4C97C1DC42B}.MinSizeRel|x64.Build.0 = MinSizeRel|x64
		{BDBAF50D-D13B-375D-9C61-F4C97C1DC42B}.RelWithDebInfo|x64.ActiveCfg = RelWithDebInfo|x64
		{BDBAF50D-D13B-375D-9C61-F4C97C1DC42B}.RelWithDebInfo|x64.Build.0 = RelWithDebInfo|x64
		{ADB3B2D6-C2D9-330C-9D1C-2D9AE1650253}.Debug|x64.ActiveCfg = Debug|x64
		{ADB3B2D6-C2D9-330C-9D1C-2D9AE1650253}.Debug|x64.Build.0 = Debug|x64
		{ADB3B2D6-C2D9-330C-9D1C-2D9AE1650253}.Release|x64.ActiveCfg = Release|x64
		{ADB3B2D6-C2D9-330C-9D1C-2D9AE1650253}.Release|x64.Build.0 = Release|x64
		{ADB3B2D6-C2D9-330C-9D1C-2D9AE1650253}.MinSizeRel|x64.ActiveCfg = MinSizeRel|x64
		{ADB3B2D6-C2D9-330C-9D1C-2D9AE1650253}.MinSizeRel|x64.Build.0 = MinSizeRel|x64
		{ADB3B2D6-C2D9-330C-9D1C-2D9AE1650253}.RelWithDebInfo|x64.ActiveCfg = RelWithDebInfo|x64
		{ADB3B2D6-C2D9-330C-9D1C-2D9AE1650253}.RelWithDebInfo|x64.Build.0 = RelWithDebInfo|x64
		{6DB91BB3-2062-3CCF-B98F-B8C659271DCA}.Debug|x64.ActiveCfg = Debug|x64
		{6DB91BB3-2062-3CCF-B98F-B8C659271DCA}.Debug|x64.Build.0 = Debug|x64
		{6DB91BB3-2062-3CCF-B98F-B8C659271DCA}.Release|x64.ActiveCfg = Release|x64
		{6DB91BB3-2062-3CCF-B98F-B8C659271DCA}.Release|x64.Build.0 = Release|x64
		{6DB91BB3-2062-3CCF-B98F-B8C659271DCA}.MinSizeRel|x64.ActiveCfg = MinSizeRel|x64
		{6DB91BB3-2062-3CCF-B98F-B8C659271DCA}.MinSizeRel|x64.Build.0 = MinSizeRel|x64
		{6DB91BB3-2062-3CCF-B98F-B8C659271DCA}.RelWithDebInfo|x64.ActiveCfg = RelWithDebInfo|x64
		{6DB91BB3-2062-3CCF-B98F-B8C659271DCA}.RelWithDebInfo|x64.Build.0 = RelWithDebInfo|x64
		{19205E9E-FDCF-300C-816C-B5B038E43C44}.Debug|x64.ActiveCfg = Debug|x64
		{19205E9E-FDCF-300C-816C-B5B038E43C44}.Debug|x64.Build.0 = Debug|x64
		{19205E9E-FDCF-300C-816C-B5B038E43C44}.Release|x64.ActiveCfg = Release|x64
		{19205E9E-FDCF-300C-816C-B5B038E43C44}.Release|x64.Build.0 = Release|x64
		{19205E9E-FDCF-300C-816C-B5B038E43C44}.MinSizeRel|x64.ActiveCfg = MinSizeRel|x64
		{19205E9E-FDCF-300C-816C-B5B038E43C44}.MinSizeRel|x64.Build.0 = MinSizeRel|x64
		{19205E9E-FDCF-300C-816C-B5B038E43C44}.RelWithDebInfo|x64.ActiveCfg = RelWithDebInfo|x64
		{19205E9E-FDCF-300C-816C-B5B038E43C44}.RelWithDebInfo|x64.Build.0 = RelWithDebInfo|x64
		{245F038B-DAB2-334A-8562-9576323DB2C7}.Debug|x64.ActiveCfg = Debug|x64
		{245F038B-DAB2-334A-8562-9576323DB2C7}.Debug|x64.Build.0 = Debug|x64
		{245F038B-DAB2-334A-8562-9576323DB2C7}.Release|x64.ActiveCfg = Release|x64
		{245F038B-DAB2-334A-8562-9576323DB2C7}.Release|x64.Build.0 = Release|x64
		{245F038B-DAB2-334A-8562-9576323DB2C7}.MinSizeRel|x64.ActiveCfg = MinSizeRel|x64
		{245F038B-DAB2-334A-8562-9576323DB2C7}.MinSizeRel|x64.Build.0 = MinSizeRel|x64
		{245F038B-DAB2-334A-8562-9576323DB2C7}.RelWithDebInfo|x64.ActiveCfg = RelWithDebInfo|x64
		{245F038B-DAB2-334A-8562-9576323DB2C7}.RelWithDebInfo|x64.Build.0 = RelWithDebInfo|x64
		{AB805D9C-30E1-30D0-A70D-DEBC542CC007}.Debug|x64.ActiveCfg = Debug|x64
		{AB805D9C-30E1-30D0-A70D-DEBC542CC007}.Debug|x64.Build.0 = Debug|x64
		{AB805D9C-30E1-30D0-A70D-DEBC542CC007}.Release|x64.ActiveCfg = Release|x64
		{AB805D9C-30E1-30D0-A70D-DEBC542CC007}.Release|x64.Build.0 = Release|x64
		{AB805D9C-30E1-30D0-A70D-DEBC542CC007}.MinSizeRel|x64.ActiveCfg = MinSizeRel|x64
		{AB805D9C-30E1-30D0-A70D-DEBC542CC007}.MinSizeRel|x64.Build.0 = MinSizeRel|x64
		{AB805D9C-30E1-30D0-A70D-DEBC542CC007}.RelWithDebInfo|x64.ActiveCfg = RelWithDebInfo|x64
		{AB805D9C-30E1-30D0-A70D-DEBC542CC007}.RelWithDebInfo|x64.Build.0 = RelWithDebInfo|x64
		{85379990-1D52-32EB-8963-C39BF022DAF7}.Debug|x64.ActiveCfg = Debug|x64
		{85379990-1D52-32EB-8963-C39BF022DAF7}.Debug|x64.Build.0 = Debug|x64
		{85379990-1D52-32EB-8963-C39BF022DAF7}.Release|x64.ActiveCfg = Release|x64
		{85379990-1D52-32EB-8963-C39BF022DAF7}.Release|x64.Build.0 = Release|x64
		{85379990-1D52-32EB-8963-C39BF022DAF7}.MinSizeRel|x64.ActiveCfg = MinSizeRel|x64
		{85379990-1D52-32EB-8963-C39BF022DAF7}.MinSizeRel|x64.Build.0 = MinSizeRel|x64
		{85379990-1D52-32EB-8963-C39BF022DAF7}.RelWithDebInfo|x64.ActiveCfg = RelWithDebInfo|x64
		{85379990-1D52-32EB-8963-C39BF022DAF7}.RelWithDebInfo|x64.Build.0 = RelWithDebInfo|x64
		{FAE7D6EA-5969-3325-BD60-284E8336AB47}.Debug|x64.ActiveCfg = Debug|x64
		{FAE7D6EA-5969-3325-BD60-284E8336AB47}.Debug|x64.Build.0 = Debug|x64
		{FAE7D6EA-5969-3325-BD60-284E8336AB47}.Release|x64.ActiveCfg = Release|x64
		{FAE7D6EA-5969-3325-BD60-284E8336AB47}.Release|x64.Build.0 = Release|x64
		{FAE7D6EA-5969-3325-BD60-284E8336AB47}.MinSizeRel|x64.ActiveCfg = MinSizeRel|x64
		{FAE7D6EA-5969-3325-BD60-284E8336AB47}.MinSizeRel|x64.Build.0 = MinSizeRel|x64
		{FAE7D6EA-5969-3325-BD60-284E8336AB47}.RelWithDebInfo|x64.ActiveCfg = RelWithDebInfo|x64
		{FAE7D6EA-5969-3325-BD60-284E8336AB47}.RelWithDebInfo|x64.Build.0 = RelWithDebInfo|x64
		{7EF89D3F-8C32-387B-8C3A-0E2D2253F71C}.Debug|x64.ActiveCfg = Debug|x64
		{7EF89D3F-8C32-387B-8C3A-0E2D2253F71C}.Debug|x64.Build.0 = Debug|x64
		{7EF89D3F-8C32-387B-8C3A-0E2D2253F71C}.Release|x64.ActiveCfg = Release|x64
		{7EF89D3F-8C32-387B-8C3A-0E2D2253F71C}.Release|x64.Build.0 = Release|x64
		{7EF89D3F-8C32-387B-8C3A-0E2D2253F71C}.MinSizeRel|x64.ActiveCfg = MinSizeRel|x64
		{7EF89D3F-8C32-387B-8C3A-0E2D2253F71C}.MinSizeRel|x64.Build.0 = MinSizeRel|x64
		{7EF89D3F-8C32-387B-8C3A-0E2D2253F71C}.RelWithDebInfo|x64.ActiveCfg = RelWithDebInfo|x64
		{7EF89D3F-8C32-387B-8C3A-0E2D2253F71C}.RelWithDebInfo|x64.Build.0 = RelWithDebInfo|x64
		{40599D8C-605F-3889-9B0D-91D493851923}.Debug|x64.ActiveCfg = Debug|x64
		{40599D8C-605F-3889-9B0D-91D493851923}.Debug|x64.Build.0 = Debug|x64
		{40599D8C-605F-3889-9B0D-91D493851923}.Release|x64.ActiveCfg = Release|x64
		{40599D8C-605F-3889-9B0D-91D493851923}.Release|x64.Build.0 = Release|x64
		{40599D8C-605F-3889-9B0D-91D493851923}.MinSizeRel|x64.ActiveCfg = MinSizeRel|x64
		{40599D8C-605F-3889-9B0D-91D493851923}.MinSizeRel|x64.Build.0 = MinSizeRel|x64
		{40599D8C-605F-3889-9B0D-91D493851923}.RelWithDebInfo|x64.ActiveCfg = RelWithDebInfo|x64
		{40599D8C-605F-3889-9B0D-91D493851923}.RelWithDebInfo|x64.Build.0 = RelWithDebInfo|x64
		{01B64800-CD19-32DE-89D9-CCE837B9DB17}.Debug|x64.ActiveCfg = Debug|x64
		{01B64800-CD19-32DE-89D9-CCE837B9DB17}.Debug|x64.Build.0 = Debug|x64
		{01B64800-CD19-32DE-89D9-CCE837B9DB17}.Release|x64.ActiveCfg = Release|x64
		{01B64800-CD19-32DE-89D9-CCE837B9DB17}.Release|x64.Build.0 = Release|x64
		{01B64800-CD19-32DE-89D9-CCE837B9DB17}.MinSizeRel|x64.ActiveCfg = MinSizeRel|x64
		{01B64800-CD19-32DE-89D9-CCE837B9DB17}.MinSizeRel|x64.Build.0 = MinSizeRel|x64
		{01B64800-CD19-32DE-89D9-CCE837B9DB17}.RelWithDebInfo|x64.ActiveCfg = RelWithDebInfo|x64
		{01B64800-CD19-32DE-89D9-CCE837B9DB17}.RelWithDebInfo|x64.Build.0 = RelWithDebInfo|x64
		{4F73B986-B079-3176-9433-536B62969929}.Debug|x64.ActiveCfg = Debug|x64
		{4F73B986-B079-3176-9433-536B62969929}.Debug|x64.Build.0 = Debug|x64
		{4F73B986-B079-3176-9433-536B62969929}.Release|x64.ActiveCfg = Release|x64
		{4F73B986-B079-3176-9433-536B62969929}.Release|x64.Build.0 = Release|x64
		{4F73B986-B079-3176-9433-536B62969929}.MinSizeRel|x64.ActiveCfg = MinSizeRel|x64
		{4F73B986-B079-3176-9433-536B62969929}.MinSizeRel|x64.Build.0 = MinSizeRel|x64
		{4F73B986-B079-3176-9433-536B62969929}.RelWithDebInfo|x64.ActiveCfg = RelWithDebInfo|x64
		{4F73B986-B079-3176-9433-536B62969929}.RelWithDebInfo|x64.Build.0 = RelWithDebInfo|x64
		{39884788-5A59-3510-9A27-965F35C7DCDC}.Debug|x64.ActiveCfg = Debug|x64
		{39884788-5A59-3510-9A27-965F35C7DCDC}.Debug|x64.Build.0 = Debug|x64
		{39884788-5A59-3510-9A27-965F35C7DCDC}.Release|x64.ActiveCfg = Release|x64
		{39884788-5A59-3510-9A27-965F35C7DCDC}.Release|x64.Build.0 = Release|x64
		{39884788-5A59-3510-9A27-965F35C7DCDC}.MinSizeRel|x64.ActiveCfg = MinSizeRel|x64
		{39884788-5A59-3510-9A27-965F35C7DCDC}.MinSizeRel|x64.Build.0 = MinSizeRel|x64
		{39884788-5A59-3510-9A27-965F35C7DCDC}.RelWithDebInfo|x64.ActiveCfg = RelWithDebInfo|x64
		{39884788-5A59-3510-9A27-965F35C7DCDC}.RelWithDebInfo|x64.Build.0 = RelWithDebInfo|x64
		{43F20820-0610-37F0-9A5D-73FC85B521C4}.Debug|x64.ActiveCfg = Debug|x64
		{43F20820-0610-37F0-9A5D-73FC85B521C4}.Debug|x64.Build.0 = Debug|x64
		{43F20820-0610-37F0-9A5D-73FC85B521C4}.Release|x64.ActiveCfg = Release|x64
		{43F20820-0610-37F0-9A5D-73FC85B521C4}.Release|x64.Build.0 = Release|x64
		{43F20820-0610-37F0-9A5D-73FC85B521C4}.MinSizeRel|x64.ActiveCfg = MinSizeRel|x64
		{43F20820-0610-37F0-9A5D-73FC85B521C4}.MinSizeRel|x64.Build.0 = MinSizeRel|x64
		{43F20820-0610-37F0-9A5D-73FC85B521C4}.RelWithDebInfo|x64.ActiveCfg = RelWithDebInfo|x64
		{43F20820-0610-37F0-9A5D-73FC85B521C4}.RelWithDebInfo|x64.Build.0 = RelWithDebInfo|x64
		{60019D6F-B7E5-3A02-A590-1E77201AAD6F}.Debug|x64.ActiveCfg = Debug|x64
		{60019D6F-B7E5-3A02-A590-1E77201AAD6F}.Debug|x64.Build.0 = Debug|x64
		{60019D6F-B7E5-3A02-A590-1E77201AAD6F}.Release|x64.ActiveCfg = Release|x64
		{60019D6F-B7E5-3A02-A590-1E77201AAD6F}.Release|x64.Build.0 = Release|x64
		{60019D6F-B7E5-3A02-A590-1E77201AAD6F}.MinSizeRel|x64.ActiveCfg = MinSizeRel|x64
		{60019D6F-B7E5-3A02-A590-1E77201AAD6F}.MinSizeRel|x64.Build.0 = MinSizeRel|x64
		{60019D6F-B7E5-3A02-A590-1E77201AAD6F}.RelWithDebInfo|x64.ActiveCfg = RelWithDebInfo|x64
		{60019D6F-B7E5-3A02-A590-1E77201AAD6F}.RelWithDebInfo|x64.Build.0 = RelWithDebInfo|x64
		{9DA9AF1A-B64D-35C0-B6AD-268382A607F7}.Debug|x64.ActiveCfg = Debug|x64
		{9DA9AF1A-B64D-35C0-B6AD-268382A607F7}.Debug|x64.Build.0 = Debug|x64
		{9DA9AF1A-B64D-35C0-B6AD-268382A607F7}.Release|x64.ActiveCfg = Release|x64
		{9DA9AF1A-B64D-35C0-B6AD-268382A607F7}.Release|x64.Build.0 = Release|x64
		{9DA9AF1A-B64D-35C0-B6AD-268382A607F7}.MinSizeRel|x64.ActiveCfg = MinSizeRel|x64
		{9DA9AF1A-B64D-35C0-B6AD-268382A607F7}.MinSizeRel|x64.Build.0 = MinSizeRel|x64
		{9DA9AF1A-B64D-35C0-B6AD-268382A607F7}.RelWithDebInfo|x64.ActiveCfg = RelWithDebInfo|x64
		{9DA9AF1A-B64D-35C0-B6AD-268382A607F7}.RelWithDebInfo|x64.Build.0 = RelWithDebInfo|x64
		{C932AFB6-A274-3279-AC58-1E7B1A7D02BB}.Debug|x64.ActiveCfg = Debug|x64
		{C932AFB6-A274-3279-AC58-1E7B1A7D02BB}.Debug|x64.Build.0 = Debug|x64
		{C932AFB6-A274-3279-AC58-1E7B1A7D02BB}.Release|x64.ActiveCfg = Release|x64
		{C932AFB6-A274-3279-AC58-1E7B1A7D02BB}.Release|x64.Build.0 = Release|x64
		{C932AFB6-A274-3279-AC58-1E7B1A7D02BB}.MinSizeRel|x64.ActiveCfg = MinSizeRel|x64
		{C932AFB6-A274-3279-AC58-1E7B1A7D02BB}.MinSizeRel|x64.Build.0 = MinSizeRel|x64
		{C932AFB6-A274-3279-AC58-1E7B1A7D02BB}.RelWithDebInfo|x64.ActiveCfg = RelWithDebInfo|x64
		{C932AFB6-A274-3279-AC58-1E7B1A7D02BB}.RelWithDebInfo|x64.Build.0 = RelWithDebInfo|x64
		{F973D7A7-6F64-3C32-A373-DE905D93E9CD}.Debug|x64.ActiveCfg = Debug|x64
		{F973D7A7-6F64-3C32-A373-DE905D93E9CD}.Debug|x64.Build.0 = Debug|x64
		{F973D7A7-6F64-3C32-A373-DE905D93E9CD}.Release|x64.ActiveCfg = Release|x64
		{F973D7A7-6F64-3C32-A373-DE905D93E9CD}.Release|x64.Build.0 = Release|x64
		{F973D7A7-6F64-3C32-A373-DE905D93E9CD}.MinSizeRel|x64.ActiveCfg = MinSizeRel|x64
		{F973D7A7-6F64-3C32-A373-DE905D93E9CD}.MinSizeRel|x64.Build.0 = MinSizeRel|x64
		{F973D7A7-6F64-3C32-A373-DE905D93E9CD}.RelWithDebInfo|x64.ActiveCfg = RelWithDebInfo|x64
		{F973D7A7-6F64-3C32-A373-DE905D93E9CD}.RelWithDebInfo|x64.Build.0 = RelWithDebInfo|x64
		{5E1BA10B-5BFD-3146-ADC2-80F934D14F57}.Debug|x64.ActiveCfg = Debug|x64
		{5E1BA10B-5BFD-3146-ADC2-80F934D14F57}.Debug|x64.Build.0 = Debug|x64
		{5E1BA10B-5BFD-3146-ADC2-80F934D14F57}.Release|x64.ActiveCfg = Release|x64
		{5E1BA10B-5BFD-3146-ADC2-80F934D14F57}.Release|x64.Build.0 = Release|x64
		{5E1BA10B-5BFD-3146-ADC2-80F934D14F57}.MinSizeRel|x64.ActiveCfg = MinSizeRel|x64
		{5E1BA10B-5BFD-3146-ADC2-80F934D14F57}.MinSizeRel|x64.Build.0 = MinSizeRel|x64
		{5E1BA10B-5BFD-3146-ADC2-80F934D14F57}.RelWithDebInfo|x64.ActiveCfg = RelWithDebInfo|x64
		{5E1BA10B-5BFD-3146-ADC2-80F934D14F57}.RelWithDebInfo|x64.Build.0 = RelWithDebInfo|x64
		{8E8A72C8-633E-3329-A104-423B7B54669A}.Debug|x64.ActiveCfg = Debug|x64
		{8E8A72C8-633E-3329-A104-423B7B54669A}.Debug|x64.Build.0 = Debug|x64
		{8E8A72C8-633E-3329-A104-423B7B54669A}.Release|x64.ActiveCfg = Release|x64
		{8E8A72C8-633E-3329-A104-423B7B54669A}.Release|x64.Build.0 = Release|x64
		{8E8A72C8-633E-3329-A104-423B7B54669A}.MinSizeRel|x64.ActiveCfg = MinSizeRel|x64
		{8E8A72C8-633E-3329-A104-423B7B54669A}.MinSizeRel|x64.Build.0 = MinSizeRel|x64
		{8E8A72C8-633E-3329-A104-423B7B54669A}.RelWithDebInfo|x64.ActiveCfg = RelWithDebInfo|x64
		{8E8A72C8-633E-3329-A104-423B7B54669A}.RelWithDebInfo|x64.Build.0 = RelWithDebInfo|x64
		{A655A9CF-F134-3546-8067-31951938C24B}.Debug|x64.ActiveCfg = Debug|x64
		{A655A9CF-F134-3546-8067-31951938C24B}.Debug|x64.Build.0 = Debug|x64
		{A655A9CF-F134-3546-8067-31951938C24B}.Release|x64.ActiveCfg = Release|x64
		{A655A9CF-F134-3546-8067-31951938C24B}.Release|x64.Build.0 = Release|x64
		{A655A9CF-F134-3546-8067-31951938C24B}.MinSizeRel|x64.ActiveCfg = MinSizeRel|x64
		{A655A9CF-F134-3546-8067-31951938C24B}.MinSizeRel|x64.Build.0 = MinSizeRel|x64
		{A655A9CF-F134-3546-8067-31951938C24B}.RelWithDebInfo|x64.ActiveCfg = RelWithDebInfo|x64
		{A655A9CF-F134-3546-8067-31951938C24B}.RelWithDebInfo|x64.Build.0 = RelWithDebInfo|x64
		{14DEDD9B-53DF-33F0-9E6E-57DC86C1FD9E}.Debug|x64.ActiveCfg = Debug|x64
		{14DEDD9B-53DF-33F0-9E6E-57DC86C1FD9E}.Debug|x64.Build.0 = Debug|x64
		{14DEDD9B-53DF-33F0-9E6E-57DC86C1FD9E}.Release|x64.ActiveCfg = Release|x64
		{14DEDD9B-53DF-33F0-9E6E-57DC86C1FD9E}.Release|x64.Build.0 = Release|x64
		{14DEDD9B-53DF-33F0-9E6E-57DC86C1FD9E}.MinSizeRel|x64.ActiveCfg = MinSizeRel|x64
		{14DEDD9B-53DF-33F0-9E6E-57DC86C1FD9E}.MinSizeRel|x64.Build.0 = MinSizeRel|x64
		{14DEDD9B-53DF-33F0-9E6E-57DC86C1FD9E}.RelWithDebInfo|x64.ActiveCfg = RelWithDebInfo|x64
		{14DEDD9B-53DF-33F0-9E6E-57DC86C1FD9E}.RelWithDebInfo|x64.Build.0 = RelWithDebInfo|x64
		{52118DA8-D5AE-3F7C-87AE-FA8C5F423623}.Debug|x64.ActiveCfg = Debug|x64
		{52118DA8-D5AE-3F7C-87AE-FA8C5F423623}.Debug|x64.Build.0 = Debug|x64
		{52118DA8-D5AE-3F7C-87AE-FA8C5F423623}.Release|x64.ActiveCfg = Release|x64
		{52118DA8-D5AE-3F7C-87AE-FA8C5F423623}.Release|x64.Build.0 = Release|x64
		{52118DA8-D5AE-3F7C-87AE-FA8C5F423623}.MinSizeRel|x64.ActiveCfg = MinSizeRel|x64
		{52118DA8-D5AE-3F7C-87AE-FA8C5F423623}.MinSizeRel|x64.Build.0 = MinSizeRel|x64
		{52118DA8-D5AE-3F7C-87AE-FA8C5F423623}.RelWithDebInfo|x64.ActiveCfg = RelWithDebInfo|x64
		{52118DA8-D5AE-3F7C-87AE-FA8C5F423623}.RelWithDebInfo|x64.Build.0 = RelWithDebInfo|x64
		{768AD729-78C7-35C7-A854-372B6C4C7D60}.Debug|x64.ActiveCfg = Debug|x64
		{768AD729-78C7-35C7-A854-372B6C4C7D60}.Release|x64.ActiveCfg = Release|x64
		{768AD729-78C7-35C7-A854-372B6C4C7D60}.MinSizeRel|x64.ActiveCfg = MinSizeRel|x64
		{768AD729-78C7-35C7-A854-372B6C4C7D60}.RelWithDebInfo|x64.ActiveCfg = RelWithDebInfo|x64
		{BF93DE0C-044D-3EDE-A322-02BADD4A4F8E}.Debug|x64.ActiveCfg = Debug|x64
		{BF93DE0C-044D-3EDE-A322-02BADD4A4F8E}.Debug|x64.Build.0 = Debug|x64
		{BF93DE0C-044D-3EDE-A322-02BADD4A4F8E}.Release|x64.ActiveCfg = Release|x64
		{BF93DE0C-044D-3EDE-A322-02BADD4A4F8E}.Release|x64.Build.0 = Release|x64
		{BF93DE0C-044D-3EDE-A322-02BADD4A4F8E}.MinSizeRel|x64.ActiveCfg = MinSizeRel|x64
		{BF93DE0C-044D-3EDE-A322-02BADD4A4F8E}.MinSizeRel|x64.Build.0 = MinSizeRel|x64
		{BF93DE0C-044D-3EDE-A322-02BADD4A4F8E}.RelWithDebInfo|x64.ActiveCfg = RelWithDebInfo|x64
		{BF93DE0C-044D-3EDE-A322-02BADD4A4F8E}.RelWithDebInfo|x64.Build.0 = RelWithDebInfo|x64
		{D416B35A-A2A7-36D5-B8B4-1B3126C6A9B5}.Debug|x64.ActiveCfg = Debug|x64
		{D416B35A-A2A7-36D5-B8B4-1B3126C6A9B5}.Debug|x64.Build.0 = Debug|x64
		{D416B35A-A2A7-36D5-B8B4-1B3126C6A9B5}.Release|x64.ActiveCfg = Release|x64
		{D416B35A-A2A7-36D5-B8B4-1B3126C6A9B5}.Release|x64.Build.0 = Release|x64
		{D416B35A-A2A7-36D5-B8B4-1B3126C6A9B5}.MinSizeRel|x64.ActiveCfg = MinSizeRel|x64
		{D416B35A-A2A7-36D5-B8B4-1B3126C6A9B5}.MinSizeRel|x64.Build.0 = MinSizeRel|x64
		{D416B35A-A2A7-36D5-B8B4-1B3126C6A9B5}.RelWithDebInfo|x64.ActiveCfg = RelWithDebInfo|x64
		{D416B35A-A2A7-36D5-B8B4-1B3126C6A9B5}.RelWithDebInfo|x64.Build.0 = RelWithDebInfo|x64
	EndGlobalSection
	GlobalSection(ExtensibilityGlobals) = postSolution
		SolutionGuid = {A36A97B3-DD95-3EB6-A212-0206A569127F}
	EndGlobalSection
	GlobalSection(ExtensibilityAddIns) = postSolution
	EndGlobalSection
EndGlobal
